<?xml version="1.0" encoding="utf-8"?>
<Project ToolsVersion="4.0" xmlns="http://schemas.microsoft.com/developer/msbuild/2003">
  <ItemGroup>
    <Filter Include="Common">
      <UniqueIdentifier>{d0033b79-fd0f-4221-80fa-9a9bedd64d33}</UniqueIdentifier>
    </Filter>
    <Filter Include="Engine">
      <UniqueIdentifier>{bff6234b-c347-4c9d-a52e-f7020b86d9e1}</UniqueIdentifier>
    </Filter>
    <Filter Include="Scene">
      <UniqueIdentifier>{0251f6f0-b6dd-4750-8035-10a4f2a1a82f}</UniqueIdentifier>
    </Filter>
    <Filter Include="Passes">
      <UniqueIdentifier>{9c10106c-3ee3-4d08-8c8c-e89540f79455}</UniqueIdentifier>
    </Filter>
    <Filter Include="Passes\Base">
      <UniqueIdentifier>{d276b478-70d8-4918-a392-4493565fde9f}</UniqueIdentifier>
    </Filter>
    <Filter Include="TextureLoaders">
      <UniqueIdentifier>{df5d4a0c-9523-4190-a4c5-a2d7dac88eaa}</UniqueIdentifier>
    </Filter>
    <Filter Include="Passes\Query">
      <UniqueIdentifier>{315a420d-5e16-49f7-83c7-a3ccb81dfa2a}</UniqueIdentifier>
    </Filter>
    <Filter Include="Filesystem">
      <UniqueIdentifier>{88d506bc-0b85-4937-9d87-6d1479c5df24}</UniqueIdentifier>
    </Filter>
    <Filter Include="Passes\_unused">
      <UniqueIdentifier>{deea5326-0821-4a14-84f7-617d872f1e1c}</UniqueIdentifier>
    </Filter>
  </ItemGroup>
  <ItemGroup>
    <ClCompile Include="stdafx.cpp">
      <Filter>Common</Filter>
    </ClCompile>
    <ClCompile Include="GameState.cpp">
      <Filter>Engine</Filter>
    </ClCompile>
    <ClCompile Include="GameStateManager.cpp">
      <Filter>Engine</Filter>
    </ClCompile>
    <ClCompile Include="Loader.cpp">
      <Filter>Engine</Filter>
    </ClCompile>
    <ClCompile Include="SceneBase.cpp">
      <Filter>Scene</Filter>
    </ClCompile>
    <ClCompile Include="SceneNode.cpp">
      <Filter>Scene</Filter>
    </ClCompile>
    <ClCompile Include="Passes\ClearRenderTargetPass.cpp">
      <Filter>Passes</Filter>
    </ClCompile>
    <ClCompile Include="Passes\CopyBufferPass.cpp">
      <Filter>Passes</Filter>
    </ClCompile>
    <ClCompile Include="Passes\CopyTexturePass.cpp">
      <Filter>Passes</Filter>
    </ClCompile>
    <ClCompile Include="Passes\DispatchPass.cpp">
      <Filter>Passes</Filter>
    </ClCompile>
    <ClCompile Include="Passes\InvokeFunctionPass.cpp">
      <Filter>Passes</Filter>
    </ClCompile>
    <ClCompile Include="Passes\OpaquePass.cpp">
      <Filter>Passes</Filter>
    </ClCompile>
    <ClCompile Include="Passes\PostprocessPass.cpp">
      <Filter>Passes</Filter>
    </ClCompile>
    <ClCompile Include="Passes\RenderTechnique.cpp">
      <Filter>Passes</Filter>
    </ClCompile>
    <ClCompile Include="Passes\TransparentPass.cpp">
      <Filter>Passes</Filter>
    </ClCompile>
    <ClCompile Include="Application.cpp" />
    <ClCompile Include="EngineTime.cpp">
      <Filter>Scene</Filter>
    </ClCompile>
    <ClCompile Include="Passes\AbstractPass.cpp">
      <Filter>Passes\Base</Filter>
    </ClCompile>
    <ClCompile Include="Passes\BasePass.cpp">
      <Filter>Passes\Base</Filter>
    </ClCompile>
    <ClCompile Include="TextureLoadersStorage.cpp">
      <Filter>TextureLoaders</Filter>
    </ClCompile>
    <ClCompile Include="TextureLoader.cpp">
      <Filter>TextureLoaders</Filter>
    </ClCompile>
    <ClCompile Include="Passes\BeginQueryPass.cpp">
      <Filter>Passes\Query</Filter>
    </ClCompile>
    <ClCompile Include="Passes\EndQueryPass.cpp">
      <Filter>Passes\Query</Filter>
    </ClCompile>
    <ClCompile Include="Passes\LightPickingPass.cpp">
      <Filter>Passes\_unused</Filter>
    </ClCompile>
    <ClCompile Include="Passes\LightsPass.cpp">
      <Filter>Passes\_unused</Filter>
    </ClCompile>
    <ClCompile Include="Passes\DeferredLightingPass.cpp">
      <Filter>Passes\_unused</Filter>
    </ClCompile>
    <ClCompile Include="Passes\GenerateMipMapsPass.cpp">
      <Filter>Passes</Filter>
    </ClCompile>
  </ItemGroup>
  <ItemGroup>
    <ClInclude Include="common.h">
      <Filter>Common</Filter>
    </ClInclude>
    <ClInclude Include="stdafx.h">
      <Filter>Common</Filter>
    </ClInclude>
    <ClInclude Include="GameState.h">
      <Filter>Engine</Filter>
    </ClInclude>
    <ClInclude Include="GameStateManager.h">
      <Filter>Engine</Filter>
    </ClInclude>
    <ClInclude Include="Loader.h">
      <Filter>Engine</Filter>
    </ClInclude>
    <ClInclude Include="..\shared\owEngineNew.h">
      <Filter>Common</Filter>
    </ClInclude>
    <ClInclude Include="Scene.h">
      <Filter>Scene</Filter>
    </ClInclude>
    <ClInclude Include="SceneBase.h">
      <Filter>Scene</Filter>
    </ClInclude>
    <ClInclude Include="SceneNode.h">
      <Filter>Scene</Filter>
    </ClInclude>
    <ClInclude Include="Passes\ClearRenderTargetPass.h">
      <Filter>Passes</Filter>
    </ClInclude>
    <ClInclude Include="Passes\CopyBufferPass.h">
      <Filter>Passes</Filter>
    </ClInclude>
    <ClInclude Include="Passes\CopyTexturePass.h">
      <Filter>Passes</Filter>
    </ClInclude>
    <ClInclude Include="Passes\DispatchPass.h">
      <Filter>Passes</Filter>
    </ClInclude>
    <ClInclude Include="Passes\InvokeFunctionPass.h">
      <Filter>Passes</Filter>
    </ClInclude>
    <ClInclude Include="Passes\OpaquePass.h">
      <Filter>Passes</Filter>
    </ClInclude>
    <ClInclude Include="Passes\PostprocessPass.h">
      <Filter>Passes</Filter>
    </ClInclude>
    <ClInclude Include="Passes\RenderTechnique.h">
      <Filter>Passes</Filter>
    </ClInclude>
    <ClInclude Include="Passes\TransparentPass.h">
      <Filter>Passes</Filter>
    </ClInclude>
    <ClInclude Include="Application.h" />
    <ClInclude Include="EngineTime.h">
      <Filter>Scene</Filter>
    </ClInclude>
    <ClInclude Include="Passes\AbstractPass.h">
      <Filter>Passes\Base</Filter>
    </ClInclude>
    <ClInclude Include="Passes\BasePass.h">
      <Filter>Passes\Base</Filter>
    </ClInclude>
    <ClInclude Include="Passes\RenderPass.h">
      <Filter>Passes\Base</Filter>
    </ClInclude>
    <ClInclude Include="TextureLoadersStorage.h">
      <Filter>TextureLoaders</Filter>
    </ClInclude>
    <ClInclude Include="TextureLoader.h">
      <Filter>TextureLoaders</Filter>
    </ClInclude>
    <ClInclude Include="Passes\BeginQueryPass.h">
      <Filter>Passes\Query</Filter>
    </ClInclude>
    <ClInclude Include="Passes\EndQueryPass.h">
      <Filter>Passes\Query</Filter>
    </ClInclude>
    <ClInclude Include="Passes\LightsPass.h">
      <Filter>Passes\_unused</Filter>
    </ClInclude>
    <ClInclude Include="Passes\LightPickingPass.h">
      <Filter>Passes\_unused</Filter>
    </ClInclude>
    <ClInclude Include="Passes\DeferredLightingPass.h">
      <Filter>Passes\_unused</Filter>
    </ClInclude>
    <ClInclude Include="Passes\GenerateMipMapsPass.h">
      <Filter>Passes</Filter>
    </ClInclude>
  </ItemGroup>
</Project>