
Microsoft Visual Studio Solution File, Format Version 12.00
# Visual Studio 15
VisualStudioVersion = 15.0.27130.2027
MinimumVisualStudioVersion = 10.0.40219.1
Project("{2150E333-8FDC-42A3-9474-1A3956D46DE8}") = "3rd party", "3rd party", "{7117DD40-5090-4982-B565-034F60A0D3B1}"
EndProject
Project("{8BC9CEB8-8B4A-11D0-8D11-00A0C91BC942}") = "libmpq", "Externals\libmpq\libmpq.vcxproj", "{0CC7FA61-23DE-4D9F-A6F4-FDA327AB5984}"
EndProject
Project("{8BC9CEB8-8B4A-11D0-8D11-00A0C91BC942}") = "owGameMap", "owGameMap\owGameMap.vcxproj", "{C29C7FEE-86D9-4EEF-965F-68B89C516FAE}"
EndProject
Project("{8BC9CEB8-8B4A-11D0-8D11-00A0C91BC942}") = "owGameM2", "owGameM2\owGameM2.vcxproj", "{AD0FB1D4-E81D-482D-A74F-EEAFFD9B2DFC}"
EndProject
Project("{8BC9CEB8-8B4A-11D0-8D11-00A0C91BC942}") = "OpenWoW", "OpenWoW\OpenWoW.vcxproj", "{645797A4-A484-4D99-A130-88BD45546BD5}"
EndProject
Project("{8BC9CEB8-8B4A-11D0-8D11-00A0C91BC942}") = "owGameCharacters", "owGameCharacters\owGameCharacters.vcxproj", "{4723F94F-2ECA-40FB-A4FA-C491DFE3B3A5}"
EndProject
Project("{8BC9CEB8-8B4A-11D0-8D11-00A0C91BC942}") = "owGameClient", "owGameClient\owGameClient.vcxproj", "{8810FE3D-3A00-4A79-9370-69612BEFE04E}"
EndProject
Project("{8BC9CEB8-8B4A-11D0-8D11-00A0C91BC942}") = "owGame", "owGame\owGame.vcxproj", "{B55BA550-E3B6-4756-AE79-6A5C7D28AEFF}"
EndProject
Project("{2150E333-8FDC-42A3-9474-1A3956D46DE8}") = "Engine", "Engine", "{7D4F13C0-3E61-43D3-8B69-38AA9CF95623}"
EndProject
Project("{2150E333-8FDC-42A3-9474-1A3956D46DE8}") = "FreeImage", "FreeImage", "{F1C486BC-54D3-4499-8B55-4BED9C97B691}"
EndProject
Project("{2150E333-8FDC-42A3-9474-1A3956D46DE8}") = "Game", "Game", "{93F9CC7D-E267-4108-B539-497C3BE2935A}"
EndProject
Project("{8BC9CEB8-8B4A-11D0-8D11-00A0C91BC942}") = "znCore", "..\ZenonEngine\znCore\znCore.vcxproj", "{A4E6F769-0036-4128-A409-495D9207F587}"
EndProject
Project("{8BC9CEB8-8B4A-11D0-8D11-00A0C91BC942}") = "znEngine", "..\ZenonEngine\znEngine\znEngine.vcxproj", "{51252F60-B8DC-4090-BBA3-DD05942110F0}"
EndProject
Project("{8BC9CEB8-8B4A-11D0-8D11-00A0C91BC942}") = "znIntfs", "..\ZenonEngine\znIntfs\znIntfs.vcxproj", "{69AEC773-3240-4644-A049-ABABD643DBEC}"
EndProject
Project("{8BC9CEB8-8B4A-11D0-8D11-00A0C91BC942}") = "znRender", "..\ZenonEngine\znRender\znRender.vcxproj", "{4BFB75A1-EE52-478A-BDAC-30FFB977EBB7}"
EndProject
Project("{8BC9CEB8-8B4A-11D0-8D11-00A0C91BC942}") = "znRenderDX11", "..\ZenonEngine\znRenderDX11\znRenderDX11.vcxproj", "{590C7C79-AE16-4DB2-B61C-BB7B25B76B42}"
EndProject
Project("{8BC9CEB8-8B4A-11D0-8D11-00A0C91BC942}") = "freetype", "..\ZenonEngine\Externals\freetype-2.9.1\freetype.vcxproj", "{78B079BD-9FC7-4B9E-B4A6-96DA0F00248B}"
EndProject
Project("{8BC9CEB8-8B4A-11D0-8D11-00A0C91BC942}") = "tinyxml", "..\ZenonEngine\Externals\tinyxml-2.6.2\tinyxml.vcxproj", "{A3A84737-5017-4577-B8A2-79429A25B8B6}"
EndProject
Project("{8BC9CEB8-8B4A-11D0-8D11-00A0C91BC942}") = "zlib", "Externals\zlib\zlib.vcxproj", "{33134F61-C1AD-4B6F-9CEA-503A9F140C52}"
EndProject
Project("{8BC9CEB8-8B4A-11D0-8D11-00A0C91BC942}") = "FreeImageLib", "..\ZenonEngine\Externals\FreeImage-3.17.0\FreeImageLib.vcxproj", "{9E219DF2-315D-478E-8A07-8960C377CE1E}"
EndProject
Project("{8BC9CEB8-8B4A-11D0-8D11-00A0C91BC942}") = "LibPNG", "..\ZenonEngine\Externals\FreeImage-3.17.0\LibPNG\LibPNG.vcxproj", "{7DB10B50-CE00-4D7A-B322-6824F05D2FCB}"
EndProject
Project("{8BC9CEB8-8B4A-11D0-8D11-00A0C91BC942}") = "OpenWoWConsoleClient", "OpenWoWConsoleClient\OpenWoWConsoleClient.vcxproj", "{4A5F84E3-DBFF-42C5-983B-DEFA79CCA6E5}"
EndProject
Project("{8BC9CEB8-8B4A-11D0-8D11-00A0C91BC942}") = "sockets", "Externals\sockets\sockets.vcxproj", "{04BAF755-0D67-46F8-B1C6-77AE5368F3CB}"
EndProject
Global
	GlobalSection(SolutionConfigurationPlatforms) = preSolution
		Debug|x64 = Debug|x64
		Debug|x86 = Debug|x86
		Mixed|x64 = Mixed|x64
		Mixed|x86 = Mixed|x86
		Release|x64 = Release|x64
		Release|x86 = Release|x86
	EndGlobalSection
	GlobalSection(ProjectConfigurationPlatforms) = postSolution
		{0CC7FA61-23DE-4D9F-A6F4-FDA327AB5984}.Debug|x64.ActiveCfg = Debug|x64
		{0CC7FA61-23DE-4D9F-A6F4-FDA327AB5984}.Debug|x64.Build.0 = Debug|x64
		{0CC7FA61-23DE-4D9F-A6F4-FDA327AB5984}.Debug|x86.ActiveCfg = Debug|Win32
		{0CC7FA61-23DE-4D9F-A6F4-FDA327AB5984}.Debug|x86.Build.0 = Debug|Win32
		{0CC7FA61-23DE-4D9F-A6F4-FDA327AB5984}.Mixed|x64.ActiveCfg = Release|x64
		{0CC7FA61-23DE-4D9F-A6F4-FDA327AB5984}.Mixed|x64.Build.0 = Release|x64
		{0CC7FA61-23DE-4D9F-A6F4-FDA327AB5984}.Mixed|x86.ActiveCfg = Release|Win32
		{0CC7FA61-23DE-4D9F-A6F4-FDA327AB5984}.Mixed|x86.Build.0 = Release|Win32
		{0CC7FA61-23DE-4D9F-A6F4-FDA327AB5984}.Release|x64.ActiveCfg = Release|x64
		{0CC7FA61-23DE-4D9F-A6F4-FDA327AB5984}.Release|x64.Build.0 = Release|x64
		{0CC7FA61-23DE-4D9F-A6F4-FDA327AB5984}.Release|x86.ActiveCfg = Release|Win32
		{0CC7FA61-23DE-4D9F-A6F4-FDA327AB5984}.Release|x86.Build.0 = Release|Win32
		{C29C7FEE-86D9-4EEF-965F-68B89C516FAE}.Debug|x64.ActiveCfg = Debug|x64
		{C29C7FEE-86D9-4EEF-965F-68B89C516FAE}.Debug|x64.Build.0 = Debug|x64
		{C29C7FEE-86D9-4EEF-965F-68B89C516FAE}.Debug|x86.ActiveCfg = Debug|Win32
		{C29C7FEE-86D9-4EEF-965F-68B89C516FAE}.Debug|x86.Build.0 = Debug|Win32
		{C29C7FEE-86D9-4EEF-965F-68B89C516FAE}.Mixed|x64.ActiveCfg = Debug|x64
		{C29C7FEE-86D9-4EEF-965F-68B89C516FAE}.Mixed|x64.Build.0 = Debug|x64
		{C29C7FEE-86D9-4EEF-965F-68B89C516FAE}.Mixed|x86.ActiveCfg = Debug|Win32
		{C29C7FEE-86D9-4EEF-965F-68B89C516FAE}.Mixed|x86.Build.0 = Debug|Win32
		{C29C7FEE-86D9-4EEF-965F-68B89C516FAE}.Release|x64.ActiveCfg = Release|x64
		{C29C7FEE-86D9-4EEF-965F-68B89C516FAE}.Release|x64.Build.0 = Release|x64
		{C29C7FEE-86D9-4EEF-965F-68B89C516FAE}.Release|x86.ActiveCfg = Release|Win32
		{C29C7FEE-86D9-4EEF-965F-68B89C516FAE}.Release|x86.Build.0 = Release|Win32
		{AD0FB1D4-E81D-482D-A74F-EEAFFD9B2DFC}.Debug|x64.ActiveCfg = Debug|x64
		{AD0FB1D4-E81D-482D-A74F-EEAFFD9B2DFC}.Debug|x64.Build.0 = Debug|x64
		{AD0FB1D4-E81D-482D-A74F-EEAFFD9B2DFC}.Debug|x86.ActiveCfg = Debug|Win32
		{AD0FB1D4-E81D-482D-A74F-EEAFFD9B2DFC}.Debug|x86.Build.0 = Debug|Win32
		{AD0FB1D4-E81D-482D-A74F-EEAFFD9B2DFC}.Mixed|x64.ActiveCfg = Debug|x64
		{AD0FB1D4-E81D-482D-A74F-EEAFFD9B2DFC}.Mixed|x64.Build.0 = Debug|x64
		{AD0FB1D4-E81D-482D-A74F-EEAFFD9B2DFC}.Mixed|x86.ActiveCfg = Debug|Win32
		{AD0FB1D4-E81D-482D-A74F-EEAFFD9B2DFC}.Mixed|x86.Build.0 = Debug|Win32
		{AD0FB1D4-E81D-482D-A74F-EEAFFD9B2DFC}.Release|x64.ActiveCfg = Release|x64
		{AD0FB1D4-E81D-482D-A74F-EEAFFD9B2DFC}.Release|x64.Build.0 = Release|x64
		{AD0FB1D4-E81D-482D-A74F-EEAFFD9B2DFC}.Release|x86.ActiveCfg = Release|Win32
		{AD0FB1D4-E81D-482D-A74F-EEAFFD9B2DFC}.Release|x86.Build.0 = Release|Win32
		{645797A4-A484-4D99-A130-88BD45546BD5}.Debug|x64.ActiveCfg = Debug|x64
		{645797A4-A484-4D99-A130-88BD45546BD5}.Debug|x64.Build.0 = Debug|x64
		{645797A4-A484-4D99-A130-88BD45546BD5}.Debug|x86.ActiveCfg = Debug|Win32
		{645797A4-A484-4D99-A130-88BD45546BD5}.Debug|x86.Build.0 = Debug|Win32
		{645797A4-A484-4D99-A130-88BD45546BD5}.Mixed|x64.ActiveCfg = Debug|x64
		{645797A4-A484-4D99-A130-88BD45546BD5}.Mixed|x64.Build.0 = Debug|x64
		{645797A4-A484-4D99-A130-88BD45546BD5}.Mixed|x86.ActiveCfg = Debug|Win32
		{645797A4-A484-4D99-A130-88BD45546BD5}.Mixed|x86.Build.0 = Debug|Win32
		{645797A4-A484-4D99-A130-88BD45546BD5}.Release|x64.ActiveCfg = Release|x64
		{645797A4-A484-4D99-A130-88BD45546BD5}.Release|x64.Build.0 = Release|x64
		{645797A4-A484-4D99-A130-88BD45546BD5}.Release|x86.ActiveCfg = Release|Win32
		{645797A4-A484-4D99-A130-88BD45546BD5}.Release|x86.Build.0 = Release|Win32
		{4723F94F-2ECA-40FB-A4FA-C491DFE3B3A5}.Debug|x64.ActiveCfg = Debug|x64
		{4723F94F-2ECA-40FB-A4FA-C491DFE3B3A5}.Debug|x64.Build.0 = Debug|x64
		{4723F94F-2ECA-40FB-A4FA-C491DFE3B3A5}.Debug|x86.ActiveCfg = Debug|Win32
		{4723F94F-2ECA-40FB-A4FA-C491DFE3B3A5}.Debug|x86.Build.0 = Debug|Win32
		{4723F94F-2ECA-40FB-A4FA-C491DFE3B3A5}.Mixed|x64.ActiveCfg = Debug|x64
		{4723F94F-2ECA-40FB-A4FA-C491DFE3B3A5}.Mixed|x64.Build.0 = Debug|x64
		{4723F94F-2ECA-40FB-A4FA-C491DFE3B3A5}.Mixed|x86.ActiveCfg = Debug|Win32
		{4723F94F-2ECA-40FB-A4FA-C491DFE3B3A5}.Mixed|x86.Build.0 = Debug|Win32
		{4723F94F-2ECA-40FB-A4FA-C491DFE3B3A5}.Release|x64.ActiveCfg = Release|x64
		{4723F94F-2ECA-40FB-A4FA-C491DFE3B3A5}.Release|x64.Build.0 = Release|x64
		{4723F94F-2ECA-40FB-A4FA-C491DFE3B3A5}.Release|x86.ActiveCfg = Release|Win32
		{4723F94F-2ECA-40FB-A4FA-C491DFE3B3A5}.Release|x86.Build.0 = Release|Win32
		{8810FE3D-3A00-4A79-9370-69612BEFE04E}.Debug|x64.ActiveCfg = Debug|x64
		{8810FE3D-3A00-4A79-9370-69612BEFE04E}.Debug|x64.Build.0 = Debug|x64
		{8810FE3D-3A00-4A79-9370-69612BEFE04E}.Debug|x86.ActiveCfg = Debug|Win32
		{8810FE3D-3A00-4A79-9370-69612BEFE04E}.Debug|x86.Build.0 = Debug|Win32
		{8810FE3D-3A00-4A79-9370-69612BEFE04E}.Mixed|x64.ActiveCfg = Debug|x64
		{8810FE3D-3A00-4A79-9370-69612BEFE04E}.Mixed|x64.Build.0 = Debug|x64
		{8810FE3D-3A00-4A79-9370-69612BEFE04E}.Mixed|x86.ActiveCfg = Debug|Win32
		{8810FE3D-3A00-4A79-9370-69612BEFE04E}.Mixed|x86.Build.0 = Debug|Win32
		{8810FE3D-3A00-4A79-9370-69612BEFE04E}.Release|x64.ActiveCfg = Release|x64
		{8810FE3D-3A00-4A79-9370-69612BEFE04E}.Release|x64.Build.0 = Release|x64
		{8810FE3D-3A00-4A79-9370-69612BEFE04E}.Release|x86.ActiveCfg = Release|Win32
		{8810FE3D-3A00-4A79-9370-69612BEFE04E}.Release|x86.Build.0 = Release|Win32
		{B55BA550-E3B6-4756-AE79-6A5C7D28AEFF}.Debug|x64.ActiveCfg = Debug|x64
		{B55BA550-E3B6-4756-AE79-6A5C7D28AEFF}.Debug|x64.Build.0 = Debug|x64
		{B55BA550-E3B6-4756-AE79-6A5C7D28AEFF}.Debug|x86.ActiveCfg = Debug|Win32
		{B55BA550-E3B6-4756-AE79-6A5C7D28AEFF}.Debug|x86.Build.0 = Debug|Win32
		{B55BA550-E3B6-4756-AE79-6A5C7D28AEFF}.Mixed|x64.ActiveCfg = Debug|x64
		{B55BA550-E3B6-4756-AE79-6A5C7D28AEFF}.Mixed|x64.Build.0 = Debug|x64
		{B55BA550-E3B6-4756-AE79-6A5C7D28AEFF}.Mixed|x86.ActiveCfg = Debug|Win32
		{B55BA550-E3B6-4756-AE79-6A5C7D28AEFF}.Mixed|x86.Build.0 = Debug|Win32
		{B55BA550-E3B6-4756-AE79-6A5C7D28AEFF}.Release|x64.ActiveCfg = Release|x64
		{B55BA550-E3B6-4756-AE79-6A5C7D28AEFF}.Release|x64.Build.0 = Release|x64
		{B55BA550-E3B6-4756-AE79-6A5C7D28AEFF}.Release|x86.ActiveCfg = Release|Win32
		{B55BA550-E3B6-4756-AE79-6A5C7D28AEFF}.Release|x86.Build.0 = Release|Win32
		{A4E6F769-0036-4128-A409-495D9207F587}.Debug|x64.ActiveCfg = Debug|x64
		{A4E6F769-0036-4128-A409-495D9207F587}.Debug|x64.Build.0 = Debug|x64
		{A4E6F769-0036-4128-A409-495D9207F587}.Debug|x86.ActiveCfg = Debug|Win32
		{A4E6F769-0036-4128-A409-495D9207F587}.Debug|x86.Build.0 = Debug|Win32
		{A4E6F769-0036-4128-A409-495D9207F587}.Mixed|x64.ActiveCfg = Release|x64
		{A4E6F769-0036-4128-A409-495D9207F587}.Mixed|x64.Build.0 = Release|x64
		{A4E6F769-0036-4128-A409-495D9207F587}.Mixed|x86.ActiveCfg = Release|Win32
		{A4E6F769-0036-4128-A409-495D9207F587}.Mixed|x86.Build.0 = Release|Win32
		{A4E6F769-0036-4128-A409-495D9207F587}.Release|x64.ActiveCfg = Release|x64
		{A4E6F769-0036-4128-A409-495D9207F587}.Release|x64.Build.0 = Release|x64
		{A4E6F769-0036-4128-A409-495D9207F587}.Release|x86.ActiveCfg = Release|Win32
		{A4E6F769-0036-4128-A409-495D9207F587}.Release|x86.Build.0 = Release|Win32
		{51252F60-B8DC-4090-BBA3-DD05942110F0}.Debug|x64.ActiveCfg = Debug|x64
		{51252F60-B8DC-4090-BBA3-DD05942110F0}.Debug|x64.Build.0 = Debug|x64
		{51252F60-B8DC-4090-BBA3-DD05942110F0}.Debug|x86.ActiveCfg = Debug|Win32
		{51252F60-B8DC-4090-BBA3-DD05942110F0}.Debug|x86.Build.0 = Debug|Win32
		{51252F60-B8DC-4090-BBA3-DD05942110F0}.Mixed|x64.ActiveCfg = Release|x64
		{51252F60-B8DC-4090-BBA3-DD05942110F0}.Mixed|x64.Build.0 = Release|x64
		{51252F60-B8DC-4090-BBA3-DD05942110F0}.Mixed|x86.ActiveCfg = Release|Win32
		{51252F60-B8DC-4090-BBA3-DD05942110F0}.Mixed|x86.Build.0 = Release|Win32
		{51252F60-B8DC-4090-BBA3-DD05942110F0}.Release|x64.ActiveCfg = Release|x64
		{51252F60-B8DC-4090-BBA3-DD05942110F0}.Release|x64.Build.0 = Release|x64
		{51252F60-B8DC-4090-BBA3-DD05942110F0}.Release|x86.ActiveCfg = Release|Win32
		{51252F60-B8DC-4090-BBA3-DD05942110F0}.Release|x86.Build.0 = Release|Win32
		{69AEC773-3240-4644-A049-ABABD643DBEC}.Debug|x64.ActiveCfg = Debug|x64
		{69AEC773-3240-4644-A049-ABABD643DBEC}.Debug|x64.Build.0 = Debug|x64
		{69AEC773-3240-4644-A049-ABABD643DBEC}.Debug|x86.ActiveCfg = Debug|Win32
		{69AEC773-3240-4644-A049-ABABD643DBEC}.Debug|x86.Build.0 = Debug|Win32
		{69AEC773-3240-4644-A049-ABABD643DBEC}.Mixed|x64.ActiveCfg = Release|x64
		{69AEC773-3240-4644-A049-ABABD643DBEC}.Mixed|x64.Build.0 = Release|x64
		{69AEC773-3240-4644-A049-ABABD643DBEC}.Mixed|x86.ActiveCfg = Release|Win32
		{69AEC773-3240-4644-A049-ABABD643DBEC}.Mixed|x86.Build.0 = Release|Win32
		{69AEC773-3240-4644-A049-ABABD643DBEC}.Release|x64.ActiveCfg = Release|x64
		{69AEC773-3240-4644-A049-ABABD643DBEC}.Release|x64.Build.0 = Release|x64
		{69AEC773-3240-4644-A049-ABABD643DBEC}.Release|x86.ActiveCfg = Release|Win32
		{69AEC773-3240-4644-A049-ABABD643DBEC}.Release|x86.Build.0 = Release|Win32
		{4BFB75A1-EE52-478A-BDAC-30FFB977EBB7}.Debug|x64.ActiveCfg = Debug|x64
		{4BFB75A1-EE52-478A-BDAC-30FFB977EBB7}.Debug|x64.Build.0 = Debug|x64
		{4BFB75A1-EE52-478A-BDAC-30FFB977EBB7}.Debug|x86.ActiveCfg = Debug|Win32
		{4BFB75A1-EE52-478A-BDAC-30FFB977EBB7}.Debug|x86.Build.0 = Debug|Win32
		{4BFB75A1-EE52-478A-BDAC-30FFB977EBB7}.Mixed|x64.ActiveCfg = Release|x64
		{4BFB75A1-EE52-478A-BDAC-30FFB977EBB7}.Mixed|x64.Build.0 = Release|x64
		{4BFB75A1-EE52-478A-BDAC-30FFB977EBB7}.Mixed|x86.ActiveCfg = Release|Win32
		{4BFB75A1-EE52-478A-BDAC-30FFB977EBB7}.Mixed|x86.Build.0 = Release|Win32
		{4BFB75A1-EE52-478A-BDAC-30FFB977EBB7}.Release|x64.ActiveCfg = Release|x64
		{4BFB75A1-EE52-478A-BDAC-30FFB977EBB7}.Release|x64.Build.0 = Release|x64
		{4BFB75A1-EE52-478A-BDAC-30FFB977EBB7}.Release|x86.ActiveCfg = Release|Win32
		{4BFB75A1-EE52-478A-BDAC-30FFB977EBB7}.Release|x86.Build.0 = Release|Win32
		{590C7C79-AE16-4DB2-B61C-BB7B25B76B42}.Debug|x64.ActiveCfg = Debug|x64
		{590C7C79-AE16-4DB2-B61C-BB7B25B76B42}.Debug|x64.Build.0 = Debug|x64
		{590C7C79-AE16-4DB2-B61C-BB7B25B76B42}.Debug|x86.ActiveCfg = Debug|Win32
		{590C7C79-AE16-4DB2-B61C-BB7B25B76B42}.Debug|x86.Build.0 = Debug|Win32
		{590C7C79-AE16-4DB2-B61C-BB7B25B76B42}.Mixed|x64.ActiveCfg = Release|x64
		{590C7C79-AE16-4DB2-B61C-BB7B25B76B42}.Mixed|x64.Build.0 = Release|x64
		{590C7C79-AE16-4DB2-B61C-BB7B25B76B42}.Mixed|x86.ActiveCfg = Release|Win32
		{590C7C79-AE16-4DB2-B61C-BB7B25B76B42}.Mixed|x86.Build.0 = Release|Win32
		{590C7C79-AE16-4DB2-B61C-BB7B25B76B42}.Release|x64.ActiveCfg = Release|x64
		{590C7C79-AE16-4DB2-B61C-BB7B25B76B42}.Release|x64.Build.0 = Release|x64
		{590C7C79-AE16-4DB2-B61C-BB7B25B76B42}.Release|x86.ActiveCfg = Release|Win32
		{590C7C79-AE16-4DB2-B61C-BB7B25B76B42}.Release|x86.Build.0 = Release|Win32
		{78B079BD-9FC7-4B9E-B4A6-96DA0F00248B}.Debug|x64.ActiveCfg = Debug|x64
		{78B079BD-9FC7-4B9E-B4A6-96DA0F00248B}.Debug|x64.Build.0 = Debug|x64
		{78B079BD-9FC7-4B9E-B4A6-96DA0F00248B}.Debug|x86.ActiveCfg = Debug|Win32
		{78B079BD-9FC7-4B9E-B4A6-96DA0F00248B}.Debug|x86.Build.0 = Debug|Win32
		{78B079BD-9FC7-4B9E-B4A6-96DA0F00248B}.Mixed|x64.ActiveCfg = Release|x64
		{78B079BD-9FC7-4B9E-B4A6-96DA0F00248B}.Mixed|x64.Build.0 = Release|x64
		{78B079BD-9FC7-4B9E-B4A6-96DA0F00248B}.Mixed|x86.ActiveCfg = Release|Win32
		{78B079BD-9FC7-4B9E-B4A6-96DA0F00248B}.Mixed|x86.Build.0 = Release|Win32
		{78B079BD-9FC7-4B9E-B4A6-96DA0F00248B}.Release|x64.ActiveCfg = Release|x64
		{78B079BD-9FC7-4B9E-B4A6-96DA0F00248B}.Release|x64.Build.0 = Release|x64
		{78B079BD-9FC7-4B9E-B4A6-96DA0F00248B}.Release|x86.ActiveCfg = Release|Win32
		{78B079BD-9FC7-4B9E-B4A6-96DA0F00248B}.Release|x86.Build.0 = Release|Win32
		{A3A84737-5017-4577-B8A2-79429A25B8B6}.Debug|x64.ActiveCfg = Debug|x64
		{A3A84737-5017-4577-B8A2-79429A25B8B6}.Debug|x64.Build.0 = Debug|x64
		{A3A84737-5017-4577-B8A2-79429A25B8B6}.Debug|x86.ActiveCfg = Debug|Win32
		{A3A84737-5017-4577-B8A2-79429A25B8B6}.Debug|x86.Build.0 = Debug|Win32
		{A3A84737-5017-4577-B8A2-79429A25B8B6}.Mixed|x64.ActiveCfg = Release|x64
		{A3A84737-5017-4577-B8A2-79429A25B8B6}.Mixed|x64.Build.0 = Release|x64
		{A3A84737-5017-4577-B8A2-79429A25B8B6}.Mixed|x86.ActiveCfg = Release|Win32
		{A3A84737-5017-4577-B8A2-79429A25B8B6}.Mixed|x86.Build.0 = Release|Win32
		{A3A84737-5017-4577-B8A2-79429A25B8B6}.Release|x64.ActiveCfg = Release|x64
		{A3A84737-5017-4577-B8A2-79429A25B8B6}.Release|x64.Build.0 = Release|x64
		{A3A84737-5017-4577-B8A2-79429A25B8B6}.Release|x86.ActiveCfg = Release|Win32
		{A3A84737-5017-4577-B8A2-79429A25B8B6}.Release|x86.Build.0 = Release|Win32
		{33134F61-C1AD-4B6F-9CEA-503A9F140C52}.Debug|x64.ActiveCfg = Debug|x64
		{33134F61-C1AD-4B6F-9CEA-503A9F140C52}.Debug|x64.Build.0 = Debug|x64
		{33134F61-C1AD-4B6F-9CEA-503A9F140C52}.Debug|x86.ActiveCfg = Debug|Win32
		{33134F61-C1AD-4B6F-9CEA-503A9F140C52}.Debug|x86.Build.0 = Debug|Win32
		{33134F61-C1AD-4B6F-9CEA-503A9F140C52}.Mixed|x64.ActiveCfg = Release|x64
		{33134F61-C1AD-4B6F-9CEA-503A9F140C52}.Mixed|x64.Build.0 = Release|x64
		{33134F61-C1AD-4B6F-9CEA-503A9F140C52}.Mixed|x86.ActiveCfg = Release|Win32
		{33134F61-C1AD-4B6F-9CEA-503A9F140C52}.Mixed|x86.Build.0 = Release|Win32
		{33134F61-C1AD-4B6F-9CEA-503A9F140C52}.Release|x64.ActiveCfg = Release|x64
		{33134F61-C1AD-4B6F-9CEA-503A9F140C52}.Release|x64.Build.0 = Release|x64
		{33134F61-C1AD-4B6F-9CEA-503A9F140C52}.Release|x86.ActiveCfg = Release|Win32
		{33134F61-C1AD-4B6F-9CEA-503A9F140C52}.Release|x86.Build.0 = Release|Win32
		{9E219DF2-315D-478E-8A07-8960C377CE1E}.Debug|x64.ActiveCfg = Debug|x64
		{9E219DF2-315D-478E-8A07-8960C377CE1E}.Debug|x64.Build.0 = Debug|x64
		{9E219DF2-315D-478E-8A07-8960C377CE1E}.Debug|x86.ActiveCfg = Debug|Win32
		{9E219DF2-315D-478E-8A07-8960C377CE1E}.Debug|x86.Build.0 = Debug|Win32
		{9E219DF2-315D-478E-8A07-8960C377CE1E}.Mixed|x64.ActiveCfg = Release|x64
		{9E219DF2-315D-478E-8A07-8960C377CE1E}.Mixed|x64.Build.0 = Release|x64
		{9E219DF2-315D-478E-8A07-8960C377CE1E}.Mixed|x86.ActiveCfg = Release|Win32
		{9E219DF2-315D-478E-8A07-8960C377CE1E}.Mixed|x86.Build.0 = Release|Win32
		{9E219DF2-315D-478E-8A07-8960C377CE1E}.Release|x64.ActiveCfg = Release|x64
		{9E219DF2-315D-478E-8A07-8960C377CE1E}.Release|x64.Build.0 = Release|x64
		{9E219DF2-315D-478E-8A07-8960C377CE1E}.Release|x86.ActiveCfg = Release|Win32
		{9E219DF2-315D-478E-8A07-8960C377CE1E}.Release|x86.Build.0 = Release|Win32
		{7DB10B50-CE00-4D7A-B322-6824F05D2FCB}.Debug|x64.ActiveCfg = Debug|x64
		{7DB10B50-CE00-4D7A-B322-6824F05D2FCB}.Debug|x64.Build.0 = Debug|x64
		{7DB10B50-CE00-4D7A-B322-6824F05D2FCB}.Debug|x86.ActiveCfg = Debug|Win32
		{7DB10B50-CE00-4D7A-B322-6824F05D2FCB}.Debug|x86.Build.0 = Debug|Win32
		{7DB10B50-CE00-4D7A-B322-6824F05D2FCB}.Mixed|x64.ActiveCfg = Release|x64
		{7DB10B50-CE00-4D7A-B322-6824F05D2FCB}.Mixed|x64.Build.0 = Release|x64
		{7DB10B50-CE00-4D7A-B322-6824F05D2FCB}.Mixed|x86.ActiveCfg = Release|Win32
		{7DB10B50-CE00-4D7A-B322-6824F05D2FCB}.Mixed|x86.Build.0 = Release|Win32
		{7DB10B50-CE00-4D7A-B322-6824F05D2FCB}.Release|x64.ActiveCfg = Release|x64
		{7DB10B50-CE00-4D7A-B322-6824F05D2FCB}.Release|x64.Build.0 = Release|x64
		{7DB10B50-CE00-4D7A-B322-6824F05D2FCB}.Release|x86.ActiveCfg = Release|Win32
		{7DB10B50-CE00-4D7A-B322-6824F05D2FCB}.Release|x86.Build.0 = Release|Win32
		{4A5F84E3-DBFF-42C5-983B-DEFA79CCA6E5}.Debug|x64.ActiveCfg = Debug|x64
		{4A5F84E3-DBFF-42C5-983B-DEFA79CCA6E5}.Debug|x64.Build.0 = Debug|x64
		{4A5F84E3-DBFF-42C5-983B-DEFA79CCA6E5}.Debug|x86.ActiveCfg = Debug|Win32
		{4A5F84E3-DBFF-42C5-983B-DEFA79CCA6E5}.Debug|x86.Build.0 = Debug|Win32
		{4A5F84E3-DBFF-42C5-983B-DEFA79CCA6E5}.Mixed|x64.ActiveCfg = Release|x64
		{4A5F84E3-DBFF-42C5-983B-DEFA79CCA6E5}.Mixed|x64.Build.0 = Release|x64
		{4A5F84E3-DBFF-42C5-983B-DEFA79CCA6E5}.Mixed|x86.ActiveCfg = Release|Win32
		{4A5F84E3-DBFF-42C5-983B-DEFA79CCA6E5}.Mixed|x86.Build.0 = Release|Win32
		{4A5F84E3-DBFF-42C5-983B-DEFA79CCA6E5}.Release|x64.ActiveCfg = Release|x64
		{4A5F84E3-DBFF-42C5-983B-DEFA79CCA6E5}.Release|x64.Build.0 = Release|x64
		{4A5F84E3-DBFF-42C5-983B-DEFA79CCA6E5}.Release|x86.ActiveCfg = Release|Win32
		{4A5F84E3-DBFF-42C5-983B-DEFA79CCA6E5}.Release|x86.Build.0 = Release|Win32
		{04BAF755-0D67-46F8-B1C6-77AE5368F3CB}.Debug|x64.ActiveCfg = Debug|x64
		{04BAF755-0D67-46F8-B1C6-77AE5368F3CB}.Debug|x64.Build.0 = Debug|x64
		{04BAF755-0D67-46F8-B1C6-77AE5368F3CB}.Debug|x86.ActiveCfg = Debug|Win32
		{04BAF755-0D67-46F8-B1C6-77AE5368F3CB}.Debug|x86.Build.0 = Debug|Win32
		{04BAF755-0D67-46F8-B1C6-77AE5368F3CB}.Mixed|x64.ActiveCfg = Release|x64
		{04BAF755-0D67-46F8-B1C6-77AE5368F3CB}.Mixed|x64.Build.0 = Release|x64
		{04BAF755-0D67-46F8-B1C6-77AE5368F3CB}.Mixed|x86.ActiveCfg = Release|Win32
		{04BAF755-0D67-46F8-B1C6-77AE5368F3CB}.Mixed|x86.Build.0 = Release|Win32
		{04BAF755-0D67-46F8-B1C6-77AE5368F3CB}.Release|x64.ActiveCfg = Release|x64
		{04BAF755-0D67-46F8-B1C6-77AE5368F3CB}.Release|x64.Build.0 = Release|x64
		{04BAF755-0D67-46F8-B1C6-77AE5368F3CB}.Release|x86.ActiveCfg = Release|Win32
		{04BAF755-0D67-46F8-B1C6-77AE5368F3CB}.Release|x86.Build.0 = Release|Win32
	EndGlobalSection
	GlobalSection(SolutionProperties) = preSolution
		HideSolutionNode = FALSE
	EndGlobalSection
	GlobalSection(NestedProjects) = preSolution
		{0CC7FA61-23DE-4D9F-A6F4-FDA327AB5984} = {7117DD40-5090-4982-B565-034F60A0D3B1}
		{C29C7FEE-86D9-4EEF-965F-68B89C516FAE} = {93F9CC7D-E267-4108-B539-497C3BE2935A}
		{AD0FB1D4-E81D-482D-A74F-EEAFFD9B2DFC} = {93F9CC7D-E267-4108-B539-497C3BE2935A}
		{4723F94F-2ECA-40FB-A4FA-C491DFE3B3A5} = {93F9CC7D-E267-4108-B539-497C3BE2935A}
		{8810FE3D-3A00-4A79-9370-69612BEFE04E} = {93F9CC7D-E267-4108-B539-497C3BE2935A}
		{B55BA550-E3B6-4756-AE79-6A5C7D28AEFF} = {93F9CC7D-E267-4108-B539-497C3BE2935A}
		{F1C486BC-54D3-4499-8B55-4BED9C97B691} = {7117DD40-5090-4982-B565-034F60A0D3B1}
		{A4E6F769-0036-4128-A409-495D9207F587} = {7D4F13C0-3E61-43D3-8B69-38AA9CF95623}
		{51252F60-B8DC-4090-BBA3-DD05942110F0} = {7D4F13C0-3E61-43D3-8B69-38AA9CF95623}
		{69AEC773-3240-4644-A049-ABABD643DBEC} = {7D4F13C0-3E61-43D3-8B69-38AA9CF95623}
		{4BFB75A1-EE52-478A-BDAC-30FFB977EBB7} = {7D4F13C0-3E61-43D3-8B69-38AA9CF95623}
		{590C7C79-AE16-4DB2-B61C-BB7B25B76B42} = {7D4F13C0-3E61-43D3-8B69-38AA9CF95623}
		{78B079BD-9FC7-4B9E-B4A6-96DA0F00248B} = {7117DD40-5090-4982-B565-034F60A0D3B1}
		{A3A84737-5017-4577-B8A2-79429A25B8B6} = {7117DD40-5090-4982-B565-034F60A0D3B1}
		{33134F61-C1AD-4B6F-9CEA-503A9F140C52} = {7117DD40-5090-4982-B565-034F60A0D3B1}
		{9E219DF2-315D-478E-8A07-8960C377CE1E} = {F1C486BC-54D3-4499-8B55-4BED9C97B691}
		{7DB10B50-CE00-4D7A-B322-6824F05D2FCB} = {F1C486BC-54D3-4499-8B55-4BED9C97B691}
		{04BAF755-0D67-46F8-B1C6-77AE5368F3CB} = {7117DD40-5090-4982-B565-034F60A0D3B1}
	EndGlobalSection
	GlobalSection(ExtensibilityGlobals) = postSolution
		SolutionGuid = {30BF641C-2C5D-4C14-B950-C07F6CD68736}
	EndGlobalSection
EndGlobal
