<?xml version="1.0" encoding="utf-8"?>
<Project ToolsVersion="4.0" xmlns="http://schemas.microsoft.com/developer/msbuild/2003">
  <ItemGroup>
    <ClInclude Include="Types.h">
      <Filter>Common</Filter>
    </ClInclude>
    <ClInclude Include="stdafx.h">
      <Filter>Common</Filter>
    </ClInclude>
    <ClInclude Include="Bindings.h" />
    <ClInclude Include="Refs.h" />
    <ClInclude Include="BaseManager.h">
      <Filter>Managers</Filter>
    </ClInclude>
    <ClInclude Include="Loader.h">
      <Filter>Managers</Filter>
    </ClInclude>
    <ClInclude Include="ConsoleCommand.h">
      <Filter>Debug, Console &amp; Log</Filter>
    </ClInclude>
    <ClInclude Include="Console.h">
      <Filter>Debug, Console &amp; Log</Filter>
    </ClInclude>
    <ClInclude Include="DebugOutput.h">
      <Filter>Debug, Console &amp; Log</Filter>
    </ClInclude>
    <ClInclude Include="Log.h">
      <Filter>Debug, Console &amp; Log</Filter>
    </ClInclude>
    <ClInclude Include="GameState.h">
      <Filter>GameStates</Filter>
    </ClInclude>
    <ClInclude Include="GameStateManager.h">
      <Filter>GameStates</Filter>
    </ClInclude>
    <ClInclude Include="PlatformFactory.h">
      <Filter>Platform</Filter>
    </ClInclude>
    <ClInclude Include="Engine.h" />
    <ClInclude Include="..\shared\owIntfs.h" />
    <ClInclude Include="OpenGLAdapter.h" />
    <ClInclude Include="Settings.h">
      <Filter>Managers</Filter>
    </ClInclude>
    <ClInclude Include="RenderEnums.h">
      <Filter>Common</Filter>
    </ClInclude>
    <ClInclude Include="Files.h">
      <Filter>Files</Filter>
    </ClInclude>
  </ItemGroup>
  <ItemGroup>
    <Filter Include="Common">
      <UniqueIdentifier>{06b24d03-f662-4f6f-9c69-988783e830f3}</UniqueIdentifier>
    </Filter>
    <Filter Include="Managers">
      <UniqueIdentifier>{2cc0dc34-b1fb-4a96-8466-3bc97ffa371e}</UniqueIdentifier>
    </Filter>
    <Filter Include="Debug, Console &amp; Log">
      <UniqueIdentifier>{ea46065f-3629-447b-86c7-eaf0605943d0}</UniqueIdentifier>
    </Filter>
    <Filter Include="GameStates">
      <UniqueIdentifier>{b22e21cc-c92e-44cc-9142-aa46a2eb6db0}</UniqueIdentifier>
    </Filter>
    <Filter Include="Platform">
      <UniqueIdentifier>{2e0bebd1-29a4-4796-b83d-ee6088c0965e}</UniqueIdentifier>
    </Filter>
    <Filter Include="Render">
      <UniqueIdentifier>{4e20e78a-679f-4265-92f5-e215777db117}</UniqueIdentifier>
    </Filter>
    <Filter Include="Files">
      <UniqueIdentifier>{99834022-96bd-42a1-b394-5c7658fbf58c}</UniqueIdentifier>
    </Filter>
  </ItemGroup>
  <ItemGroup>
    <ClCompile Include="stdafx.cpp">
      <Filter>Common</Filter>
    </ClCompile>
  </ItemGroup>
</Project>