<?xml version="1.0" encoding="utf-8"?>
<Project ToolsVersion="4.0" xmlns="http://schemas.microsoft.com/developer/msbuild/2003">
  <ItemGroup>
    <Filter Include="Common">
      <UniqueIdentifier>{d0033b79-fd0f-4221-80fa-9a9bedd64d33}</UniqueIdentifier>
    </Filter>
    <Filter Include="Instances">
      <UniqueIdentifier>{4cacdc22-0be2-480f-91e2-b7ef974ad3e9}</UniqueIdentifier>
    </Filter>
    <Filter Include="Parts">
      <UniqueIdentifier>{b0f56994-9fa8-494f-a732-b6f401df22f5}</UniqueIdentifier>
    </Filter>
    <Filter Include="Builder">
      <UniqueIdentifier>{0cf512f7-ca02-4421-9ea7-17b0a54e3b36}</UniqueIdentifier>
    </Filter>
    <Filter Include="Groups">
      <UniqueIdentifier>{3f2936b2-5b52-4e66-b693-368fcfe7587f}</UniqueIdentifier>
    </Filter>
  </ItemGroup>
  <ItemGroup>
    <ClCompile Include="stdafx.cpp">
      <Filter>Common</Filter>
    </ClCompile>
    <ClCompile Include="WMO_Liquid.cpp" />
    <ClCompile Include="WMO.cpp" />
    <ClCompile Include="WMOsManager.cpp" />
    <ClCompile Include="WMO_Part_Light.cpp">
      <Filter>Parts</Filter>
    </ClCompile>
    <ClCompile Include="WMO_Part_Fog.cpp">
      <Filter>Parts</Filter>
    </ClCompile>
    <ClCompile Include="WMO_Part_Material.cpp">
      <Filter>Parts</Filter>
    </ClCompile>
    <ClCompile Include="WMO_Builder.cpp">
      <Filter>Builder</Filter>
    </ClCompile>
    <ClCompile Include="WMO_Part_Portal.cpp">
      <Filter>Parts</Filter>
    </ClCompile>
    <ClCompile Include="WMO_Liquid_Instance.cpp">
      <Filter>Instances</Filter>
    </ClCompile>
    <ClCompile Include="WMO_Doodad_Instance.cpp">
      <Filter>Instances</Filter>
    </ClCompile>
    <ClCompile Include="WMO_Base_Instance.cpp">
      <Filter>Instances</Filter>
    </ClCompile>
    <ClCompile Include="WMO_Group.cpp">
      <Filter>Groups</Filter>
    </ClCompile>
    <ClCompile Include="WMO_Group_Part_Batch.cpp">
      <Filter>Groups</Filter>
    </ClCompile>
    <ClCompile Include="WMO_PortalsController.cpp" />
    <ClCompile Include="WMO_Group_Instance.cpp">
      <Filter>Groups</Filter>
    </ClCompile>
    <ClCompile Include="WMO_Group_Part_BSP_Node.cpp">
      <Filter>Groups</Filter>
    </ClCompile>
  </ItemGroup>
  <ItemGroup>
    <ClInclude Include="common.h">
      <Filter>Common</Filter>
    </ClInclude>
    <ClInclude Include="stdafx.h">
      <Filter>Common</Filter>
    </ClInclude>
    <ClInclude Include="..\shared\owGameWMO.h">
      <Filter>Common</Filter>
    </ClInclude>
    <ClInclude Include="WMO_Liquid.h" />
    <ClInclude Include="WMO.h" />
    <ClInclude Include="WMO_Headers.h" />
    <ClInclude Include="WMOsManager.h" />
    <ClInclude Include="WMO_Part_Light.h">
      <Filter>Parts</Filter>
    </ClInclude>
    <ClInclude Include="WMO_Part_Material.h">
      <Filter>Parts</Filter>
    </ClInclude>
    <ClInclude Include="WMO_Part_Fog.h">
      <Filter>Parts</Filter>
    </ClInclude>
    <ClInclude Include="WMO_Builder.h">
      <Filter>Builder</Filter>
    </ClInclude>
    <ClInclude Include="WMO_Part_Portal.h">
      <Filter>Parts</Filter>
    </ClInclude>
    <ClInclude Include="WMO_Liquid_Instance.h">
      <Filter>Instances</Filter>
    </ClInclude>
    <ClInclude Include="WMO_Doodad_Instance.h">
      <Filter>Instances</Filter>
    </ClInclude>
    <ClInclude Include="WMO_Base_Instance.h">
      <Filter>Instances</Filter>
    </ClInclude>
    <ClInclude Include="WMO_Group.h">
      <Filter>Groups</Filter>
    </ClInclude>
    <ClInclude Include="WMO_Group_Part_Batch.h">
      <Filter>Groups</Filter>
    </ClInclude>
    <ClInclude Include="WMO_Group_Headers.h">
      <Filter>Groups</Filter>
    </ClInclude>
    <ClInclude Include="WMO_PortalsController.h" />
    <ClInclude Include="WMO_Group_Instance.h">
      <Filter>Groups</Filter>
    </ClInclude>
    <ClInclude Include="WMO_Group_Part_BSP_Node.h">
      <Filter>Groups</Filter>
    </ClInclude>
    <ClInclude Include="WMO_Fixes.h">
      <Filter>Groups</Filter>
    </ClInclude>
  </ItemGroup>
</Project>