<?xml version="1.0" encoding="utf-8"?>
<Project ToolsVersion="4.0" xmlns="http://schemas.microsoft.com/developer/msbuild/2003">
  <ItemGroup>
    <Filter Include="Map">
      <UniqueIdentifier>{a36b5e59-c60a-4f44-b7b3-9977636ed0d1}</UniqueIdentifier>
    </Filter>
    <Filter Include="Environment">
      <UniqueIdentifier>{5855bdd1-81fa-42f5-a488-036763f96299}</UniqueIdentifier>
    </Filter>
    <Filter Include="Map\Instances">
      <UniqueIdentifier>{aa7fbffb-1487-4cbf-9eba-5f2d6c4ca15f}</UniqueIdentifier>
    </Filter>
    <Filter Include="Common">
      <UniqueIdentifier>{d0033b79-fd0f-4221-80fa-9a9bedd64d33}</UniqueIdentifier>
    </Filter>
    <Filter Include="Minimap">
      <UniqueIdentifier>{7d9e72bb-61cb-4a47-8d81-10fca7c4523f}</UniqueIdentifier>
    </Filter>
    <Filter Include="RenderStuff">
      <UniqueIdentifier>{7cb4ca49-cc19-4521-b63c-875a194bd00e}</UniqueIdentifier>
    </Filter>
    <Filter Include="Map\ADT_MCNK">
      <UniqueIdentifier>{47d8efda-9ea2-4fbb-96f8-1cdf4f28a5d6}</UniqueIdentifier>
    </Filter>
    <Filter Include="Map\WDL">
      <UniqueIdentifier>{33702109-edc7-4dcf-a921-d1413fa8219c}</UniqueIdentifier>
    </Filter>
    <Filter Include="Skies">
      <UniqueIdentifier>{3f07336f-3b76-4126-bb3b-c0516a566da3}</UniqueIdentifier>
    </Filter>
  </ItemGroup>
  <ItemGroup>
    <ClCompile Include="Map_Shared.cpp">
      <Filter>Map</Filter>
    </ClCompile>
    <ClCompile Include="MapController.cpp">
      <Filter>Map</Filter>
    </ClCompile>
    <ClCompile Include="ADT_WMO_Instance.cpp">
      <Filter>Map\Instances</Filter>
    </ClCompile>
    <ClCompile Include="ADT_MDX_Instance.cpp">
      <Filter>Map\Instances</Filter>
    </ClCompile>
    <ClCompile Include="WDT.cpp">
      <Filter>Map</Filter>
    </ClCompile>
    <ClCompile Include="EnvironmentManager.cpp">
      <Filter>Environment</Filter>
    </ClCompile>
    <ClCompile Include="stdafx.cpp">
      <Filter>Common</Filter>
    </ClCompile>
    <ClCompile Include="ADT_Liquid.cpp">
      <Filter>Map</Filter>
    </ClCompile>
    <ClCompile Include="MinimapProvider.cpp">
      <Filter>Minimap</Filter>
    </ClCompile>
    <ClCompile Include="Sky.cpp">
      <Filter>Skies</Filter>
    </ClCompile>
    <ClCompile Include="SkyManager.cpp">
      <Filter>Skies</Filter>
    </ClCompile>
    <ClCompile Include="DayNightCycle.cpp">
      <Filter>Environment</Filter>
    </ClCompile>
    <ClCompile Include="DayNightPhase.cpp">
      <Filter>Environment</Filter>
    </ClCompile>
    <ClCompile Include="SkyParams.cpp">
      <Filter>Skies</Filter>
    </ClCompile>
    <ClCompile Include="ADT.cpp">
      <Filter>Map</Filter>
    </ClCompile>
    <ClCompile Include="CreatePasses.cpp">
      <Filter>RenderStuff</Filter>
    </ClCompile>
    <ClCompile Include="ADT_MCNK.cpp">
      <Filter>Map\ADT_MCNK</Filter>
    </ClCompile>
    <ClCompile Include="ADT_MCNK_Material.cpp">
      <Filter>Map\ADT_MCNK</Filter>
    </ClCompile>
    <ClCompile Include="ADT_MCNK_Pass.cpp">
      <Filter>Map\ADT_MCNK</Filter>
    </ClCompile>
    <ClCompile Include="WDL.cpp">
      <Filter>Map\WDL</Filter>
    </ClCompile>
    <ClCompile Include="WDL_LowResTile.cpp">
      <Filter>Map\WDL</Filter>
    </ClCompile>
    <ClCompile Include="WDL_Node_Material.cpp">
      <Filter>Map\WDL</Filter>
    </ClCompile>
    <ClCompile Include="WDL_Node_Pass.cpp">
      <Filter>Map\WDL</Filter>
    </ClCompile>
    <ClCompile Include="Sky_Material.cpp">
      <Filter>Skies</Filter>
    </ClCompile>
    <ClCompile Include="Sky_Pass.cpp">
      <Filter>Skies</Filter>
    </ClCompile>
  </ItemGroup>
  <ItemGroup>
    <ClInclude Include="EnvironmentManager.h">
      <Filter>Environment</Filter>
    </ClInclude>
    <ClInclude Include="Map_Shared.h">
      <Filter>Map</Filter>
    </ClInclude>
    <ClInclude Include="MapController.h">
      <Filter>Map</Filter>
    </ClInclude>
    <ClInclude Include="ADT_WMO_Instance.h">
      <Filter>Map\Instances</Filter>
    </ClInclude>
    <ClInclude Include="ADT_MDX_Instance.h">
      <Filter>Map\Instances</Filter>
    </ClInclude>
    <ClInclude Include="ADT.h">
      <Filter>Map</Filter>
    </ClInclude>
    <ClInclude Include="WDT.h">
      <Filter>Map</Filter>
    </ClInclude>
    <ClInclude Include="common.h">
      <Filter>Common</Filter>
    </ClInclude>
    <ClInclude Include="stdafx.h">
      <Filter>Common</Filter>
    </ClInclude>
    <ClInclude Include="ADT_Liquid.h">
      <Filter>Map</Filter>
    </ClInclude>
    <ClInclude Include="Map_Headers.h">
      <Filter>Map</Filter>
    </ClInclude>
    <ClInclude Include="MinimapProvider.h">
      <Filter>Minimap</Filter>
    </ClInclude>
    <ClInclude Include="..\shared\owGameMap.h">
      <Filter>Common</Filter>
    </ClInclude>
    <ClInclude Include="Sky.h">
      <Filter>Skies</Filter>
    </ClInclude>
    <ClInclude Include="SkyManager.h">
      <Filter>Skies</Filter>
    </ClInclude>
    <ClInclude Include="DayNightCycle.h">
      <Filter>Environment</Filter>
    </ClInclude>
    <ClInclude Include="DayNightPhase.h">
      <Filter>Environment</Filter>
    </ClInclude>
    <ClInclude Include="SkyParams.h">
      <Filter>Skies</Filter>
    </ClInclude>
    <ClInclude Include="CreatePasses.h">
      <Filter>RenderStuff</Filter>
    </ClInclude>
    <ClInclude Include="ADT_MCNK.h">
      <Filter>Map\ADT_MCNK</Filter>
    </ClInclude>
    <ClInclude Include="ADT_MCNK_Material.h">
      <Filter>Map\ADT_MCNK</Filter>
    </ClInclude>
    <ClInclude Include="ADT_MCNK_Pass.h">
      <Filter>Map\ADT_MCNK</Filter>
    </ClInclude>
    <ClInclude Include="WDL.h">
      <Filter>Map\WDL</Filter>
    </ClInclude>
    <ClInclude Include="WDL_LowResTile.h">
      <Filter>Map\WDL</Filter>
    </ClInclude>
    <ClInclude Include="WDL_Node_Material.h">
      <Filter>Map\WDL</Filter>
    </ClInclude>
    <ClInclude Include="WDL_Node_Pass.h">
      <Filter>Map\WDL</Filter>
    </ClInclude>
    <ClInclude Include="Sky_Material.h">
      <Filter>Skies</Filter>
    </ClInclude>
    <ClInclude Include="Sky_Pass.h">
      <Filter>Skies</Filter>
    </ClInclude>
  </ItemGroup>
  <ItemGroup>
    <None Include="Sky.inl">
      <Filter>Skies</Filter>
    </None>
  </ItemGroup>
</Project>