<?xml version="1.0" encoding="utf-8"?>
<Project ToolsVersion="4.0" xmlns="http://schemas.microsoft.com/developer/msbuild/2003">
  <ItemGroup>
    <Filter Include="Map">
      <UniqueIdentifier>{a36b5e59-c60a-4f44-b7b3-9977636ed0d1}</UniqueIdentifier>
    </Filter>
    <Filter Include="Environment">
      <UniqueIdentifier>{5855bdd1-81fa-42f5-a488-036763f96299}</UniqueIdentifier>
    </Filter>
    <Filter Include="Map\Instances">
      <UniqueIdentifier>{aa7fbffb-1487-4cbf-9eba-5f2d6c4ca15f}</UniqueIdentifier>
    </Filter>
    <Filter Include="Common">
      <UniqueIdentifier>{d0033b79-fd0f-4221-80fa-9a9bedd64d33}</UniqueIdentifier>
    </Filter>
    <Filter Include="Minimap">
      <UniqueIdentifier>{7d9e72bb-61cb-4a47-8d81-10fca7c4523f}</UniqueIdentifier>
    </Filter>
    <Filter Include="RenderStuff">
      <UniqueIdentifier>{7cb4ca49-cc19-4521-b63c-875a194bd00e}</UniqueIdentifier>
    </Filter>
    <Filter Include="Map\WDL">
      <UniqueIdentifier>{33702109-edc7-4dcf-a921-d1413fa8219c}</UniqueIdentifier>
    </Filter>
    <Filter Include="Skies">
      <UniqueIdentifier>{3f07336f-3b76-4126-bb3b-c0516a566da3}</UniqueIdentifier>
    </Filter>
    <Filter Include="Map\ADT_MCNK">
      <UniqueIdentifier>{47d8efda-9ea2-4fbb-96f8-1cdf4f28a5d6}</UniqueIdentifier>
    </Filter>
    <Filter Include="WMO">
      <UniqueIdentifier>{a344d584-e53b-42b9-b11a-3f65870f7fd2}</UniqueIdentifier>
    </Filter>
    <Filter Include="WMO\Groups">
      <UniqueIdentifier>{550fd63d-df90-443d-b518-53bafb2321e2}</UniqueIdentifier>
    </Filter>
    <Filter Include="WMO\Instances">
      <UniqueIdentifier>{5bd35de4-8b78-483c-90cc-51fd0d150697}</UniqueIdentifier>
    </Filter>
    <Filter Include="WMO\Parts">
      <UniqueIdentifier>{e7a9007d-2a2e-4a1e-9c1a-92a5da501c20}</UniqueIdentifier>
    </Filter>
  </ItemGroup>
  <ItemGroup>
    <ClCompile Include="Map_Shared.cpp">
      <Filter>Map</Filter>
    </ClCompile>
    <ClCompile Include="MapController.cpp">
      <Filter>Map</Filter>
    </ClCompile>
    <ClCompile Include="ADT_WMO_Instance.cpp">
      <Filter>Map\Instances</Filter>
    </ClCompile>
    <ClCompile Include="ADT_MDX_Instance.cpp">
      <Filter>Map\Instances</Filter>
    </ClCompile>
    <ClCompile Include="EnvironmentManager.cpp">
      <Filter>Environment</Filter>
    </ClCompile>
    <ClCompile Include="stdafx.cpp">
      <Filter>Common</Filter>
    </ClCompile>
    <ClCompile Include="ADT_Liquid.cpp">
      <Filter>Map</Filter>
    </ClCompile>
    <ClCompile Include="MinimapProvider.cpp">
      <Filter>Minimap</Filter>
    </ClCompile>
    <ClCompile Include="Sky.cpp">
      <Filter>Skies</Filter>
    </ClCompile>
    <ClCompile Include="SkyManager.cpp">
      <Filter>Skies</Filter>
    </ClCompile>
    <ClCompile Include="DayNightCycle.cpp">
      <Filter>Environment</Filter>
    </ClCompile>
    <ClCompile Include="DayNightPhase.cpp">
      <Filter>Environment</Filter>
    </ClCompile>
    <ClCompile Include="SkyParams.cpp">
      <Filter>Skies</Filter>
    </ClCompile>
    <ClCompile Include="ADT.cpp">
      <Filter>Map</Filter>
    </ClCompile>
    <ClCompile Include="CreatePasses.cpp">
      <Filter>RenderStuff</Filter>
    </ClCompile>
    <ClCompile Include="ADT_MCNK.cpp">
      <Filter>Map\ADT_MCNK</Filter>
    </ClCompile>
    <ClCompile Include="ADT_MCNK_Material.cpp">
      <Filter>Map\ADT_MCNK</Filter>
    </ClCompile>
    <ClCompile Include="WDL_LowResTile.cpp">
      <Filter>Map\WDL</Filter>
    </ClCompile>
    <ClCompile Include="WDL_Node_Material.cpp">
      <Filter>Map\WDL</Filter>
    </ClCompile>
    <ClCompile Include="Sky_Material.cpp">
      <Filter>Skies</Filter>
    </ClCompile>
    <ClCompile Include="WMO\WMO_Part_Fog.cpp">
      <Filter>WMO\Parts</Filter>
    </ClCompile>
    <ClCompile Include="WMO\WMO_Part_Light.cpp">
      <Filter>WMO\Parts</Filter>
    </ClCompile>
    <ClCompile Include="WMO\WMO_Part_Material.cpp">
      <Filter>WMO\Parts</Filter>
    </ClCompile>
    <ClCompile Include="WMO\WMO_Part_Portal.cpp">
      <Filter>WMO\Parts</Filter>
    </ClCompile>
    <ClCompile Include="WMO\WMO_Base_Instance.cpp">
      <Filter>WMO\Instances</Filter>
    </ClCompile>
    <ClCompile Include="WMO\WMO_Doodad_Instance.cpp">
      <Filter>WMO\Instances</Filter>
    </ClCompile>
    <ClCompile Include="WMO\WMO_Group_Instance.cpp">
      <Filter>WMO\Instances</Filter>
    </ClCompile>
    <ClCompile Include="WMO\WMO_Liquid_Instance.cpp">
      <Filter>WMO\Instances</Filter>
    </ClCompile>
    <ClCompile Include="WMO\WMO_Group.cpp">
      <Filter>WMO\Groups</Filter>
    </ClCompile>
    <ClCompile Include="WMO\WMO_Group_Part_Batch.cpp">
      <Filter>WMO\Groups</Filter>
    </ClCompile>
    <ClCompile Include="WMO\WMO_Group_Part_BSP_Node.cpp">
      <Filter>WMO\Groups</Filter>
    </ClCompile>
    <ClCompile Include="WMO\WMO.cpp">
      <Filter>WMO</Filter>
    </ClCompile>
    <ClCompile Include="WMO\WMO_Liquid.cpp">
      <Filter>WMO</Filter>
    </ClCompile>
    <ClCompile Include="WMO\WMO_PortalsController.cpp">
      <Filter>WMO</Filter>
    </ClCompile>
    <ClCompile Include="WMO\WMOsManager.cpp">
      <Filter>WMO</Filter>
    </ClCompile>
    <ClCompile Include="MapWDT.cpp">
      <Filter>Map</Filter>
    </ClCompile>
    <ClCompile Include="MapWDL.cpp">
      <Filter>Map\WDL</Filter>
    </ClCompile>
    <ClCompile Include="WMO\RenderPass_WMO.cpp">
      <Filter>RenderStuff</Filter>
    </ClCompile>
    <ClCompile Include="RenderPass_ADT_MCNK.cpp">
      <Filter>RenderStuff</Filter>
    </ClCompile>
    <ClCompile Include="RenderPass_WDL.cpp">
      <Filter>RenderStuff</Filter>
    </ClCompile>
    <ClCompile Include="RenderPass_Sky.cpp">
      <Filter>RenderStuff</Filter>
    </ClCompile>
  </ItemGroup>
  <ItemGroup>
    <ClInclude Include="EnvironmentManager.h">
      <Filter>Environment</Filter>
    </ClInclude>
    <ClInclude Include="Map_Shared.h">
      <Filter>Map</Filter>
    </ClInclude>
    <ClInclude Include="MapController.h">
      <Filter>Map</Filter>
    </ClInclude>
    <ClInclude Include="ADT_WMO_Instance.h">
      <Filter>Map\Instances</Filter>
    </ClInclude>
    <ClInclude Include="ADT_MDX_Instance.h">
      <Filter>Map\Instances</Filter>
    </ClInclude>
    <ClInclude Include="ADT.h">
      <Filter>Map</Filter>
    </ClInclude>
    <ClInclude Include="common.h">
      <Filter>Common</Filter>
    </ClInclude>
    <ClInclude Include="stdafx.h">
      <Filter>Common</Filter>
    </ClInclude>
    <ClInclude Include="ADT_Liquid.h">
      <Filter>Map</Filter>
    </ClInclude>
    <ClInclude Include="Map_Headers.h">
      <Filter>Map</Filter>
    </ClInclude>
    <ClInclude Include="MinimapProvider.h">
      <Filter>Minimap</Filter>
    </ClInclude>
    <ClInclude Include="..\shared\owGameMap.h">
      <Filter>Common</Filter>
    </ClInclude>
    <ClInclude Include="Sky.h">
      <Filter>Skies</Filter>
    </ClInclude>
    <ClInclude Include="SkyManager.h">
      <Filter>Skies</Filter>
    </ClInclude>
    <ClInclude Include="DayNightCycle.h">
      <Filter>Environment</Filter>
    </ClInclude>
    <ClInclude Include="DayNightPhase.h">
      <Filter>Environment</Filter>
    </ClInclude>
    <ClInclude Include="SkyParams.h">
      <Filter>Skies</Filter>
    </ClInclude>
    <ClInclude Include="CreatePasses.h">
      <Filter>RenderStuff</Filter>
    </ClInclude>
    <ClInclude Include="ADT_MCNK.h">
      <Filter>Map\ADT_MCNK</Filter>
    </ClInclude>
    <ClInclude Include="ADT_MCNK_Material.h">
      <Filter>Map\ADT_MCNK</Filter>
    </ClInclude>
    <ClInclude Include="WDL_LowResTile.h">
      <Filter>Map\WDL</Filter>
    </ClInclude>
    <ClInclude Include="WDL_Node_Material.h">
      <Filter>Map\WDL</Filter>
    </ClInclude>
    <ClInclude Include="Sky_Material.h">
      <Filter>Skies</Filter>
    </ClInclude>
    <ClInclude Include="WMO\WMO_Part_Fog.h">
      <Filter>WMO\Parts</Filter>
    </ClInclude>
    <ClInclude Include="WMO\WMO_Part_Light.h">
      <Filter>WMO\Parts</Filter>
    </ClInclude>
    <ClInclude Include="WMO\WMO_Part_Material.h">
      <Filter>WMO\Parts</Filter>
    </ClInclude>
    <ClInclude Include="WMO\WMO_Part_Portal.h">
      <Filter>WMO\Parts</Filter>
    </ClInclude>
    <ClInclude Include="WMO\WMO_Base_Instance.h">
      <Filter>WMO\Instances</Filter>
    </ClInclude>
    <ClInclude Include="WMO\WMO_Doodad_Instance.h">
      <Filter>WMO\Instances</Filter>
    </ClInclude>
    <ClInclude Include="WMO\WMO_Group_Instance.h">
      <Filter>WMO\Instances</Filter>
    </ClInclude>
    <ClInclude Include="WMO\WMO_Liquid_Instance.h">
      <Filter>WMO\Instances</Filter>
    </ClInclude>
    <ClInclude Include="WMO\WMO_Fixes.h">
      <Filter>WMO\Groups</Filter>
    </ClInclude>
    <ClInclude Include="WMO\WMO_Group.h">
      <Filter>WMO\Groups</Filter>
    </ClInclude>
    <ClInclude Include="WMO\WMO_Group_Headers.h">
      <Filter>WMO\Groups</Filter>
    </ClInclude>
    <ClInclude Include="WMO\WMO_Group_Part_Batch.h">
      <Filter>WMO\Groups</Filter>
    </ClInclude>
    <ClInclude Include="WMO\WMO_Group_Part_BSP_Node.h">
      <Filter>WMO\Groups</Filter>
    </ClInclude>
    <ClInclude Include="WMO\WMO.h">
      <Filter>WMO</Filter>
    </ClInclude>
    <ClInclude Include="WMO\WMO_Headers.h">
      <Filter>WMO</Filter>
    </ClInclude>
    <ClInclude Include="WMO\WMO_Liquid.h">
      <Filter>WMO</Filter>
    </ClInclude>
    <ClInclude Include="WMO\WMO_PortalsController.h">
      <Filter>WMO</Filter>
    </ClInclude>
    <ClInclude Include="WMO\WMOsManager.h">
      <Filter>WMO</Filter>
    </ClInclude>
    <ClInclude Include="MapWDT.h">
      <Filter>Map</Filter>
    </ClInclude>
    <ClInclude Include="MapWDL.h">
      <Filter>Map\WDL</Filter>
    </ClInclude>
    <ClInclude Include="WMO\RenderPass_WMO.h">
      <Filter>RenderStuff</Filter>
    </ClInclude>
    <ClInclude Include="RenderPass_ADT_MCNK.h">
      <Filter>RenderStuff</Filter>
    </ClInclude>
    <ClInclude Include="RenderPass_WDL.h">
      <Filter>RenderStuff</Filter>
    </ClInclude>
    <ClInclude Include="RenderPass_Sky.h">
      <Filter>RenderStuff</Filter>
    </ClInclude>
  </ItemGroup>
  <ItemGroup>
    <None Include="Sky.inl">
      <Filter>Skies</Filter>
    </None>
  </ItemGroup>
</Project>