<?xml version="1.0" encoding="utf-8"?>
<Project ToolsVersion="4.0" xmlns="http://schemas.microsoft.com/developer/msbuild/2003">
  <ItemGroup>
    <ClCompile Include="Font.cpp">
      <Filter>Fonts</Filter>
    </ClCompile>
    <ClCompile Include="Pipeline.cpp">
      <Filter>Pipeline</Filter>
    </ClCompile>
    <ClCompile Include="Render.cpp">
      <Filter>Render</Filter>
    </ClCompile>
    <ClCompile Include="RenderStorage.cpp">
      <Filter>Render</Filter>
    </ClCompile>
    <ClCompile Include="Material.cpp">
      <Filter>Render</Filter>
    </ClCompile>
    <ClCompile Include="ConsoleOpenGL.cpp">
      <Filter>Render</Filter>
    </ClCompile>
    <ClCompile Include="Image.cpp">
      <Filter>Textures</Filter>
    </ClCompile>
    <ClCompile Include="RenderDevice.cpp">
      <Filter>RenderCore</Filter>
    </ClCompile>
    <ClCompile Include="GPUTimer.cpp">
      <Filter>RenderCore</Filter>
    </ClCompile>
    <ClCompile Include="Technique.cpp">
      <Filter>Techniques</Filter>
    </ClCompile>
    <ClCompile Include="TechniquesManager.cpp">
      <Filter>Techniques</Filter>
    </ClCompile>
    <ClCompile Include="FontsManager.cpp">
      <Filter>Fonts</Filter>
    </ClCompile>
    <ClCompile Include="TexturesManager.cpp">
      <Filter>Textures</Filter>
    </ClCompile>
    <ClCompile Include="R_Texture.cpp">
      <Filter>RenderCore\Types</Filter>
    </ClCompile>
    <ClCompile Include="R_Shader.cpp">
      <Filter>RenderCore\Types</Filter>
    </ClCompile>
    <ClCompile Include="R_RenderBuffer.cpp">
      <Filter>RenderCore\Types</Filter>
    </ClCompile>
    <ClCompile Include="R_GeometryInfo.cpp">
      <Filter>RenderCore\Types</Filter>
    </ClCompile>
    <ClCompile Include="R_Buffer.cpp">
      <Filter>RenderCore\Types</Filter>
    </ClCompile>
    <ClCompile Include="R_TextureBuffer.cpp">
      <Filter>RenderCore\Types</Filter>
    </ClCompile>
    <ClCompile Include="stdafx.cpp">
      <Filter>Common</Filter>
    </ClCompile>
    <ClCompile Include="OpenGL.cpp">
      <Filter>RenderCore</Filter>
    </ClCompile>
  </ItemGroup>
  <ItemGroup>
    <ClInclude Include="Font.h">
      <Filter>Fonts</Filter>
    </ClInclude>
    <ClInclude Include="Pipeline.h">
      <Filter>Pipeline</Filter>
    </ClInclude>
    <ClInclude Include="Render.h">
      <Filter>Render</Filter>
    </ClInclude>
    <ClInclude Include="RenderStorage.h">
      <Filter>Render</Filter>
    </ClInclude>
    <ClInclude Include="Material.h">
      <Filter>Render</Filter>
    </ClInclude>
    <ClInclude Include="ConsoleOpenGL.h">
      <Filter>Render</Filter>
    </ClInclude>
    <ClInclude Include="Image.h">
      <Filter>Textures</Filter>
    </ClInclude>
    <ClInclude Include="RenderDevice.h">
      <Filter>RenderCore</Filter>
    </ClInclude>
    <ClInclude Include="RenderTypes.h">
      <Filter>RenderCore</Filter>
    </ClInclude>
    <ClInclude Include="GPUTimer.h">
      <Filter>RenderCore</Filter>
    </ClInclude>
    <ClInclude Include="Technique.h">
      <Filter>Techniques</Filter>
    </ClInclude>
    <ClInclude Include="TechniquesManager.h">
      <Filter>Techniques</Filter>
    </ClInclude>
    <ClInclude Include="UI_Color.h">
      <Filter>Techniques\UI</Filter>
    </ClInclude>
    <ClInclude Include="UI_Font.h">
      <Filter>Techniques\UI</Filter>
    </ClInclude>
    <ClInclude Include="UI_Texture.h">
      <Filter>Techniques\UI</Filter>
    </ClInclude>
    <ClInclude Include="Sky_GeometryPass.h">
      <Filter>Techniques\Shaders</Filter>
    </ClInclude>
    <ClInclude Include="WMO_GeomertyPass.h">
      <Filter>Techniques\Shaders</Filter>
    </ClInclude>
    <ClInclude Include="lights_common.h">
      <Filter>Techniques\Postprocess</Filter>
    </ClInclude>
    <ClInclude Include="FontsManager.h">
      <Filter>Fonts</Filter>
    </ClInclude>
    <ClInclude Include="TexturesManager.h">
      <Filter>Textures</Filter>
    </ClInclude>
    <ClInclude Include="R_Texture.h">
      <Filter>RenderCore\Types</Filter>
    </ClInclude>
    <ClInclude Include="R_Shader.h">
      <Filter>RenderCore\Types</Filter>
    </ClInclude>
    <ClInclude Include="R_RenderBuffer.h">
      <Filter>RenderCore\Types</Filter>
    </ClInclude>
    <ClInclude Include="R_GeometryInfo.h">
      <Filter>RenderCore\Types</Filter>
    </ClInclude>
    <ClInclude Include="R_Buffer.h">
      <Filter>RenderCore\Types</Filter>
    </ClInclude>
    <ClInclude Include="R_TextureBuffer.h">
      <Filter>RenderCore\Types</Filter>
    </ClInclude>
    <ClInclude Include="RenderEnums.h">
      <Filter>RenderCore</Filter>
    </ClInclude>
    <ClInclude Include="common.h">
      <Filter>Common</Filter>
    </ClInclude>
    <ClInclude Include="..\shared\owRender.h">
      <Filter>Common</Filter>
    </ClInclude>
    <ClInclude Include="stdafx.h">
      <Filter>Common</Filter>
    </ClInclude>
    <ClInclude Include="OpenGL.h">
      <Filter>RenderCore</Filter>
    </ClInclude>
    <ClInclude Include="Postprocess_Fog.h">
      <Filter>Techniques\Postprocess</Filter>
    </ClInclude>
    <ClInclude Include="Postprocess_Simple.h">
      <Filter>Techniques\Postprocess</Filter>
    </ClInclude>
    <ClInclude Include="Postprocess_Light_Direction.h">
      <Filter>Techniques\Postprocess</Filter>
    </ClInclude>
    <ClInclude Include="Water_Pass.h">
      <Filter>Techniques\Liquids</Filter>
    </ClInclude>
    <ClInclude Include="Magma_Pass.h">
      <Filter>Techniques\Liquids</Filter>
    </ClInclude>
    <ClInclude Include="MCNK_Pass.h">
      <Filter>Techniques\Map</Filter>
    </ClInclude>
    <ClInclude Include="WDL_LowRes_Pass.h">
      <Filter>Techniques\Map</Filter>
    </ClInclude>
    <ClInclude Include="M2_Pass.h">
      <Filter>Techniques\M2</Filter>
    </ClInclude>
    <ClInclude Include="M2_RibbonEmitters_Pass.h">
      <Filter>Techniques\M2</Filter>
    </ClInclude>
    <ClInclude Include="Debug_GeometryPass.h">
      <Filter>Techniques\Debug</Filter>
    </ClInclude>
    <ClInclude Include="Debug_Normals.h">
      <Filter>Techniques\Debug</Filter>
    </ClInclude>
    <ClInclude Include="PostprocessBase.h">
      <Filter>Techniques\_Base</Filter>
    </ClInclude>
    <ClInclude Include="GeometryBase.h">
      <Filter>Techniques\_Base</Filter>
    </ClInclude>
    <ClInclude Include="UIBase.h">
      <Filter>Techniques\_Base</Filter>
    </ClInclude>
  </ItemGroup>
  <ItemGroup>
    <Filter Include="Textures">
      <UniqueIdentifier>{6cc0d5a6-0295-4c2b-9463-2f1164bc7b27}</UniqueIdentifier>
    </Filter>
    <Filter Include="Fonts">
      <UniqueIdentifier>{5bcbfcfc-c3c6-4a8e-a1b9-750f8d3379f6}</UniqueIdentifier>
    </Filter>
    <Filter Include="Pipeline">
      <UniqueIdentifier>{2ca38755-1636-43a8-8b22-bd21ac736ca3}</UniqueIdentifier>
    </Filter>
    <Filter Include="Techniques">
      <UniqueIdentifier>{3b62bcfc-0d63-440b-a018-58f0bb73c48f}</UniqueIdentifier>
    </Filter>
    <Filter Include="Techniques\UI">
      <UniqueIdentifier>{6b0560c6-62a4-4fef-bc46-e4040e3313b1}</UniqueIdentifier>
    </Filter>
    <Filter Include="Techniques\Postprocess">
      <UniqueIdentifier>{3bbd68ab-1670-40fe-b4d5-46393853cd68}</UniqueIdentifier>
    </Filter>
    <Filter Include="Render">
      <UniqueIdentifier>{83e27261-1695-4e85-a7fe-099ead28f2d2}</UniqueIdentifier>
    </Filter>
    <Filter Include="Techniques\Shaders">
      <UniqueIdentifier>{4f764ab4-cbb8-4e5e-a319-2e3029ed2fb9}</UniqueIdentifier>
    </Filter>
    <Filter Include="RenderCore">
      <UniqueIdentifier>{86c8b07c-1ebc-4ea6-a076-c4c41bc71d04}</UniqueIdentifier>
    </Filter>
    <Filter Include="RenderCore\Types">
      <UniqueIdentifier>{6589b742-140d-40d1-bc7d-eaafa3fcfe2b}</UniqueIdentifier>
    </Filter>
    <Filter Include="Common">
      <UniqueIdentifier>{98fc8d94-3730-4821-bb53-d891aea80641}</UniqueIdentifier>
    </Filter>
    <Filter Include="Techniques\Liquids">
      <UniqueIdentifier>{98406a52-e89c-4acd-97cb-580954c282d5}</UniqueIdentifier>
    </Filter>
    <Filter Include="Techniques\Map">
      <UniqueIdentifier>{add435f6-64e8-488f-b0d7-e5bafb68b5f7}</UniqueIdentifier>
    </Filter>
    <Filter Include="Techniques\M2">
      <UniqueIdentifier>{5a8eed42-bef1-4e78-b38e-6f88dcce51d4}</UniqueIdentifier>
    </Filter>
    <Filter Include="Techniques\Debug">
      <UniqueIdentifier>{48b15e8a-0515-4677-822b-6d93de4e6cc9}</UniqueIdentifier>
    </Filter>
    <Filter Include="Techniques\_Base">
      <UniqueIdentifier>{1fa03493-3df8-48ef-85b4-ac66054b829b}</UniqueIdentifier>
    </Filter>
  </ItemGroup>
  <ItemGroup>
    <None Include="Technique.inl">
      <Filter>Techniques</Filter>
    </None>
  </ItemGroup>
</Project>