<?xml version="1.0" encoding="utf-8"?>
<Project ToolsVersion="4.0" xmlns="http://schemas.microsoft.com/developer/msbuild/2003">
  <ItemGroup>
    <Filter Include="Common">
      <UniqueIdentifier>{d0033b79-fd0f-4221-80fa-9a9bedd64d33}</UniqueIdentifier>
    </Filter>
    <Filter Include="Engine">
      <UniqueIdentifier>{bff6234b-c347-4c9d-a52e-f7020b86d9e1}</UniqueIdentifier>
    </Filter>
    <Filter Include="Scene">
      <UniqueIdentifier>{0251f6f0-b6dd-4750-8035-10a4f2a1a82f}</UniqueIdentifier>
    </Filter>
    <Filter Include="Rendering">
      <UniqueIdentifier>{e75ed785-0ca0-4af8-9dd0-62ec9b81121d}</UniqueIdentifier>
    </Filter>
  </ItemGroup>
  <ItemGroup>
    <ClCompile Include="stdafx.cpp">
      <Filter>Common</Filter>
    </ClCompile>
    <ClCompile Include="Engine.cpp">
      <Filter>Engine</Filter>
    </ClCompile>
    <ClCompile Include="GameState.cpp">
      <Filter>Engine</Filter>
    </ClCompile>
    <ClCompile Include="GameStateManager.cpp">
      <Filter>Engine</Filter>
    </ClCompile>
    <ClCompile Include="SceneManager.cpp">
      <Filter>Scene</Filter>
    </ClCompile>
    <ClCompile Include="SceneNode.cpp">
      <Filter>Scene</Filter>
    </ClCompile>
    <ClCompile Include="Loader.cpp">
      <Filter>Engine</Filter>
    </ClCompile>
    <ClCompile Include="Perfomance.cpp">
      <Filter>Engine</Filter>
    </ClCompile>
    <ClCompile Include="OpenGLAdapterGLFW.cpp">
      <Filter>Engine</Filter>
    </ClCompile>
    <ClCompile Include="OpenGLAdapter_Native.cpp">
      <Filter>Engine</Filter>
    </ClCompile>
  </ItemGroup>
  <ItemGroup>
    <ClInclude Include="common.h">
      <Filter>Common</Filter>
    </ClInclude>
    <ClInclude Include="stdafx.h">
      <Filter>Common</Filter>
    </ClInclude>
    <ClInclude Include="..\shared\owEngine.h">
      <Filter>Common</Filter>
    </ClInclude>
    <ClInclude Include="Engine.h">
      <Filter>Engine</Filter>
    </ClInclude>
    <ClInclude Include="GameState.h">
      <Filter>Engine</Filter>
    </ClInclude>
    <ClInclude Include="GameStateManager.h">
      <Filter>Engine</Filter>
    </ClInclude>
    <ClInclude Include="SceneManager.h">
      <Filter>Scene</Filter>
    </ClInclude>
    <ClInclude Include="SceneNode.h">
      <Filter>Scene</Filter>
    </ClInclude>
    <ClInclude Include="Loader.h">
      <Filter>Engine</Filter>
    </ClInclude>
    <ClInclude Include="RenderingBlend.h">
      <Filter>Rendering</Filter>
    </ClInclude>
    <ClInclude Include="Perfomance.h">
      <Filter>Engine</Filter>
    </ClInclude>
    <ClInclude Include="OpenGLAdapterGLFW.h">
      <Filter>Engine</Filter>
    </ClInclude>
    <ClInclude Include="OpenGLAdapter_Native.h">
      <Filter>Engine</Filter>
    </ClInclude>
  </ItemGroup>
</Project>