<?xml version="1.0" encoding="utf-8"?>
<Project ToolsVersion="4.0" xmlns="http://schemas.microsoft.com/developer/msbuild/2003">
  <ItemGroup>
    <Filter Include="Common">
      <UniqueIdentifier>{d0033b79-fd0f-4221-80fa-9a9bedd64d33}</UniqueIdentifier>
    </Filter>
    <Filter Include="Character">
      <UniqueIdentifier>{184a7fc6-825a-4df8-a20c-a8b5d2bed81a}</UniqueIdentifier>
    </Filter>
    <Filter Include="Character\Items">
      <UniqueIdentifier>{6bae6273-5baf-4441-8bb4-8fb687c18bc4}</UniqueIdentifier>
    </Filter>
    <Filter Include="Character\Helpers">
      <UniqueIdentifier>{56d7860f-0ed7-4bd0-b8fd-a437356d6230}</UniqueIdentifier>
    </Filter>
    <Filter Include="Creature">
      <UniqueIdentifier>{bf170495-f29d-4375-be4d-a232c7642eed}</UniqueIdentifier>
    </Filter>
    <Filter Include="Player">
      <UniqueIdentifier>{c513c374-7723-4e14-8cb7-ac14a342bbb8}</UniqueIdentifier>
    </Filter>
  </ItemGroup>
  <ItemGroup>
    <ClCompile Include="stdafx.cpp">
      <Filter>Common</Filter>
    </ClCompile>
    <ClCompile Include="Character.cpp">
      <Filter>Character</Filter>
    </ClCompile>
    <ClCompile Include="Creature.cpp">
      <Filter>Creature</Filter>
    </ClCompile>
    <ClCompile Include="Item.cpp">
      <Filter>Character\Items</Filter>
    </ClCompile>
    <ClCompile Include="CharacterTemplate.cpp">
      <Filter>Character</Filter>
    </ClCompile>
    <ClCompile Include="ItemTemplate.cpp">
      <Filter>Character\Items</Filter>
    </ClCompile>
    <ClCompile Include="Creature_M2Instance.cpp">
      <Filter>Creature</Filter>
    </ClCompile>
    <ClCompile Include="Item_M2Instance.cpp">
      <Filter>Character\Items</Filter>
    </ClCompile>
    <ClCompile Include="Item_VisualData.cpp">
      <Filter>Character\Items</Filter>
    </ClCompile>
    <ClCompile Include="Character_SectionWrapper.cpp">
      <Filter>Character\Helpers</Filter>
    </ClCompile>
    <ClCompile Include="Character_SkinTextureBaker.cpp">
      <Filter>Character\Helpers</Filter>
    </ClCompile>
  </ItemGroup>
  <ItemGroup>
    <ClInclude Include="common.h">
      <Filter>Common</Filter>
    </ClInclude>
    <ClInclude Include="stdafx.h">
      <Filter>Common</Filter>
    </ClInclude>
    <ClInclude Include="Character.h">
      <Filter>Character</Filter>
    </ClInclude>
    <ClInclude Include="CharacterEnums.h">
      <Filter>Character</Filter>
    </ClInclude>
    <ClInclude Include="Creature.h">
      <Filter>Creature</Filter>
    </ClInclude>
    <ClInclude Include="Item.h">
      <Filter>Character\Items</Filter>
    </ClInclude>
    <ClInclude Include="CharacterTemplate.h">
      <Filter>Character</Filter>
    </ClInclude>
    <ClInclude Include="Player_Enums.h">
      <Filter>Player</Filter>
    </ClInclude>
    <ClInclude Include="ItemTemplate.h">
      <Filter>Character\Items</Filter>
    </ClInclude>
    <ClInclude Include="MeshIDEnums.h">
      <Filter>Character</Filter>
    </ClInclude>
    <ClInclude Include="Item_M2Instance.h">
      <Filter>Character\Items</Filter>
    </ClInclude>
    <ClInclude Include="Creature_M2Instance.h">
      <Filter>Creature</Filter>
    </ClInclude>
    <ClInclude Include="Item_VisualData.h">
      <Filter>Character\Items</Filter>
    </ClInclude>
    <ClInclude Include="Character_SectionWrapper.h">
      <Filter>Character\Helpers</Filter>
    </ClInclude>
    <ClInclude Include="Character_SkinTextureBaker.h">
      <Filter>Character\Helpers</Filter>
    </ClInclude>
    <ClInclude Include="..\shared\owGameCharacters.h">
      <Filter>Common</Filter>
    </ClInclude>
  </ItemGroup>
</Project>