<?xml version="1.0" encoding="utf-8"?>
<Project ToolsVersion="4.0" xmlns="http://schemas.microsoft.com/developer/msbuild/2003">
  <ItemGroup>
    <Filter Include="Common">
      <UniqueIdentifier>{d0033b79-fd0f-4221-80fa-9a9bedd64d33}</UniqueIdentifier>
    </Filter>
    <Filter Include="HTTP">
      <UniqueIdentifier>{ccfbe22b-606e-4725-8b1c-0088e0f60dca}</UniqueIdentifier>
    </Filter>
    <Filter Include="HTTP\Authentification">
      <UniqueIdentifier>{3364f293-36ca-480a-bc97-c5ec3f68631a}</UniqueIdentifier>
    </Filter>
    <Filter Include="HTTP\Authentification\Handlers">
      <UniqueIdentifier>{d2347f52-2bb8-47c4-8e22-3725e0a2f6e1}</UniqueIdentifier>
    </Filter>
    <Filter Include="HTTP\World">
      <UniqueIdentifier>{c8ec6c2e-39ff-48cf-91ec-6dd4d91d9bd6}</UniqueIdentifier>
    </Filter>
    <Filter Include="Types">
      <UniqueIdentifier>{75ade36c-8f7e-47c1-9c10-2417d65282bb}</UniqueIdentifier>
    </Filter>
    <Filter Include="Types\Character">
      <UniqueIdentifier>{184a7fc6-825a-4df8-a20c-a8b5d2bed81a}</UniqueIdentifier>
    </Filter>
    <Filter Include="Types\Creature">
      <UniqueIdentifier>{bf170495-f29d-4375-be4d-a232c7642eed}</UniqueIdentifier>
    </Filter>
  </ItemGroup>
  <ItemGroup>
    <ClCompile Include="stdafx.cpp">
      <Filter>Common</Filter>
    </ClCompile>
    <ClCompile Include="AuthCodes.cpp">
      <Filter>HTTP\Authentification</Filter>
    </ClCompile>
    <ClCompile Include="AuthSocket.cpp">
      <Filter>HTTP\Authentification</Filter>
    </ClCompile>
    <ClCompile Include="WorldSocket.cpp">
      <Filter>HTTP\World</Filter>
    </ClCompile>
    <ClCompile Include="Opcodes.cpp">
      <Filter>HTTP\World</Filter>
    </ClCompile>
    <ClCompile Include="AuthCrypt.cpp">
      <Filter>HTTP\World</Filter>
    </ClCompile>
    <ClCompile Include="InPacket.cpp">
      <Filter>HTTP\World</Filter>
    </ClCompile>
    <ClCompile Include="OutPacket.cpp">
      <Filter>HTTP\World</Filter>
    </ClCompile>
    <ClCompile Include="AuthWorldController.cpp">
      <Filter>Types</Filter>
    </ClCompile>
    <ClCompile Include="RealmInfo.cpp">
      <Filter>Types</Filter>
    </ClCompile>
    <ClCompile Include="SocketBase.cpp">
      <Filter>HTTP</Filter>
    </ClCompile>
    <ClCompile Include="Character.cpp">
      <Filter>Types\Character</Filter>
    </ClCompile>
    <ClCompile Include="CharSectionWrapper.cpp">
      <Filter>Types\Character</Filter>
    </ClCompile>
    <ClCompile Include="M2_Character_Instance.cpp">
      <Filter>Types\Character</Filter>
    </ClCompile>
    <ClCompile Include="M2_Character_MeshPartID_Provider.cpp">
      <Filter>Types\Character</Filter>
    </ClCompile>
    <ClCompile Include="Creature.cpp">
      <Filter>Types\Creature</Filter>
    </ClCompile>
    <ClCompile Include="CreatureMeshIDProvider.cpp">
      <Filter>Types\Creature</Filter>
    </ClCompile>
  </ItemGroup>
  <ItemGroup>
    <ClInclude Include="common.h">
      <Filter>Common</Filter>
    </ClInclude>
    <ClInclude Include="stdafx.h">
      <Filter>Common</Filter>
    </ClInclude>
    <ClInclude Include="AuthCodes.h">
      <Filter>HTTP\Authentification</Filter>
    </ClInclude>
    <ClInclude Include="AuthSocket.h">
      <Filter>HTTP\Authentification</Filter>
    </ClInclude>
    <ClInclude Include="WorldSocket.h">
      <Filter>HTTP\World</Filter>
    </ClInclude>
    <ClInclude Include="AuthProof_C.h">
      <Filter>HTTP\Authentification\Handlers</Filter>
    </ClInclude>
    <ClInclude Include="AuthProof_S.h">
      <Filter>HTTP\Authentification\Handlers</Filter>
    </ClInclude>
    <ClInclude Include="AuthChallenge_S.h">
      <Filter>HTTP\Authentification\Handlers</Filter>
    </ClInclude>
    <ClInclude Include="AuthChallenge_C.h">
      <Filter>HTTP\Authentification\Handlers</Filter>
    </ClInclude>
    <ClInclude Include="..\shared\owClient.h">
      <Filter>Common</Filter>
    </ClInclude>
    <ClInclude Include="Opcodes.h">
      <Filter>HTTP\World</Filter>
    </ClInclude>
    <ClInclude Include="AuthCrypt.h">
      <Filter>HTTP\World</Filter>
    </ClInclude>
    <ClInclude Include="OutPacket.h">
      <Filter>HTTP\World</Filter>
    </ClInclude>
    <ClInclude Include="InPacket.h">
      <Filter>HTTP\World</Filter>
    </ClInclude>
    <ClInclude Include="AuthWorldController.h">
      <Filter>Types</Filter>
    </ClInclude>
    <ClInclude Include="RealmInfo.h">
      <Filter>Types</Filter>
    </ClInclude>
    <ClInclude Include="SocketBase.h">
      <Filter>HTTP</Filter>
    </ClInclude>
    <ClInclude Include="Character.h">
      <Filter>Types\Character</Filter>
    </ClInclude>
    <ClInclude Include="CharacterEnums.h">
      <Filter>Types\Character</Filter>
    </ClInclude>
    <ClInclude Include="CharSectionWrapper.h">
      <Filter>Types\Character</Filter>
    </ClInclude>
    <ClInclude Include="M2_Character_Instance.h">
      <Filter>Types\Character</Filter>
    </ClInclude>
    <ClInclude Include="M2_Character_MeshPartID_Provider.h">
      <Filter>Types\Character</Filter>
    </ClInclude>
    <ClInclude Include="Creature.h">
      <Filter>Types\Creature</Filter>
    </ClInclude>
    <ClInclude Include="CreatureMeshIDProvider.h">
      <Filter>Types\Creature</Filter>
    </ClInclude>
  </ItemGroup>
</Project>