<?xml version="1.0" encoding="utf-8"?>
<Project ToolsVersion="4.0" xmlns="http://schemas.microsoft.com/developer/msbuild/2003">
  <ItemGroup>
    <Filter Include="Common">
      <UniqueIdentifier>{d0033b79-fd0f-4221-80fa-9a9bedd64d33}</UniqueIdentifier>
    </Filter>
    <Filter Include="HTTP">
      <UniqueIdentifier>{ccfbe22b-606e-4725-8b1c-0088e0f60dca}</UniqueIdentifier>
    </Filter>
    <Filter Include="HTTP\Authentification">
      <UniqueIdentifier>{3364f293-36ca-480a-bc97-c5ec3f68631a}</UniqueIdentifier>
    </Filter>
    <Filter Include="HTTP\Authentification\Handlers">
      <UniqueIdentifier>{d2347f52-2bb8-47c4-8e22-3725e0a2f6e1}</UniqueIdentifier>
    </Filter>
    <Filter Include="HTTP\World">
      <UniqueIdentifier>{c8ec6c2e-39ff-48cf-91ec-6dd4d91d9bd6}</UniqueIdentifier>
    </Filter>
    <Filter Include="Character">
      <UniqueIdentifier>{184a7fc6-825a-4df8-a20c-a8b5d2bed81a}</UniqueIdentifier>
    </Filter>
    <Filter Include="Character\Items">
      <UniqueIdentifier>{6bae6273-5baf-4441-8bb4-8fb687c18bc4}</UniqueIdentifier>
    </Filter>
    <Filter Include="Character\Helpers">
      <UniqueIdentifier>{56d7860f-0ed7-4bd0-b8fd-a437356d6230}</UniqueIdentifier>
    </Filter>
    <Filter Include="Creature">
      <UniqueIdentifier>{bf170495-f29d-4375-be4d-a232c7642eed}</UniqueIdentifier>
    </Filter>
    <Filter Include="Player">
      <UniqueIdentifier>{c513c374-7723-4e14-8cb7-ac14a342bbb8}</UniqueIdentifier>
    </Filter>
  </ItemGroup>
  <ItemGroup>
    <ClCompile Include="stdafx.cpp">
      <Filter>Common</Filter>
    </ClCompile>
    <ClCompile Include="AuthCodes.cpp">
      <Filter>HTTP\Authentification</Filter>
    </ClCompile>
    <ClCompile Include="AuthSocket.cpp">
      <Filter>HTTP\Authentification</Filter>
    </ClCompile>
    <ClCompile Include="WorldSocket.cpp">
      <Filter>HTTP\World</Filter>
    </ClCompile>
    <ClCompile Include="Opcodes.cpp">
      <Filter>HTTP\World</Filter>
    </ClCompile>
    <ClCompile Include="AuthCrypt.cpp">
      <Filter>HTTP\World</Filter>
    </ClCompile>
    <ClCompile Include="InPacket.cpp">
      <Filter>HTTP\World</Filter>
    </ClCompile>
    <ClCompile Include="OutPacket.cpp">
      <Filter>HTTP\World</Filter>
    </ClCompile>
    <ClCompile Include="SocketBase.cpp">
      <Filter>HTTP</Filter>
    </ClCompile>
    <ClCompile Include="Character.cpp">
      <Filter>Character</Filter>
    </ClCompile>
    <ClCompile Include="Creature.cpp">
      <Filter>Creature</Filter>
    </ClCompile>
    <ClCompile Include="WorldHandlers.cpp">
      <Filter>HTTP\World</Filter>
    </ClCompile>
    <ClCompile Include="Item.cpp">
      <Filter>Character\Items</Filter>
    </ClCompile>
    <ClCompile Include="CharacterTemplate.cpp">
      <Filter>Character</Filter>
    </ClCompile>
    <ClCompile Include="ItemTemplate.cpp">
      <Filter>Character\Items</Filter>
    </ClCompile>
    <ClCompile Include="Creature_M2Instance.cpp">
      <Filter>Creature</Filter>
    </ClCompile>
    <ClCompile Include="Item_M2Instance.cpp">
      <Filter>Character\Items</Filter>
    </ClCompile>
    <ClCompile Include="Item_VisualData.cpp">
      <Filter>Character\Items</Filter>
    </ClCompile>
    <ClCompile Include="CreatureEx.cpp">
      <Filter>Creature</Filter>
    </ClCompile>
    <ClCompile Include="Character_SectionWrapper.cpp">
      <Filter>Character\Helpers</Filter>
    </ClCompile>
    <ClCompile Include="Character_SkinTextureBaker.cpp">
      <Filter>Character\Helpers</Filter>
    </ClCompile>
    <ClCompile Include="AuthWorldController.cpp" />
    <ClCompile Include="RealmInfo.cpp" />
  </ItemGroup>
  <ItemGroup>
    <ClInclude Include="common.h">
      <Filter>Common</Filter>
    </ClInclude>
    <ClInclude Include="stdafx.h">
      <Filter>Common</Filter>
    </ClInclude>
    <ClInclude Include="AuthCodes.h">
      <Filter>HTTP\Authentification</Filter>
    </ClInclude>
    <ClInclude Include="AuthSocket.h">
      <Filter>HTTP\Authentification</Filter>
    </ClInclude>
    <ClInclude Include="WorldSocket.h">
      <Filter>HTTP\World</Filter>
    </ClInclude>
    <ClInclude Include="AuthProof_C.h">
      <Filter>HTTP\Authentification\Handlers</Filter>
    </ClInclude>
    <ClInclude Include="AuthProof_S.h">
      <Filter>HTTP\Authentification\Handlers</Filter>
    </ClInclude>
    <ClInclude Include="AuthChallenge_S.h">
      <Filter>HTTP\Authentification\Handlers</Filter>
    </ClInclude>
    <ClInclude Include="AuthChallenge_C.h">
      <Filter>HTTP\Authentification\Handlers</Filter>
    </ClInclude>
    <ClInclude Include="..\shared\owClient.h">
      <Filter>Common</Filter>
    </ClInclude>
    <ClInclude Include="Opcodes.h">
      <Filter>HTTP\World</Filter>
    </ClInclude>
    <ClInclude Include="AuthCrypt.h">
      <Filter>HTTP\World</Filter>
    </ClInclude>
    <ClInclude Include="OutPacket.h">
      <Filter>HTTP\World</Filter>
    </ClInclude>
    <ClInclude Include="InPacket.h">
      <Filter>HTTP\World</Filter>
    </ClInclude>
    <ClInclude Include="SocketBase.h">
      <Filter>HTTP</Filter>
    </ClInclude>
    <ClInclude Include="Character.h">
      <Filter>Character</Filter>
    </ClInclude>
    <ClInclude Include="CharacterEnums.h">
      <Filter>Character</Filter>
    </ClInclude>
    <ClInclude Include="Creature.h">
      <Filter>Creature</Filter>
    </ClInclude>
    <ClInclude Include="WorldHandlers.h">
      <Filter>HTTP\World</Filter>
    </ClInclude>
    <ClInclude Include="Item.h">
      <Filter>Character\Items</Filter>
    </ClInclude>
    <ClInclude Include="CharacterTemplate.h">
      <Filter>Character</Filter>
    </ClInclude>
    <ClInclude Include="Player_Enums.h">
      <Filter>Player</Filter>
    </ClInclude>
    <ClInclude Include="ItemTemplate.h">
      <Filter>Character\Items</Filter>
    </ClInclude>
    <ClInclude Include="MeshIDEnums.h">
      <Filter>Character</Filter>
    </ClInclude>
    <ClInclude Include="Item_M2Instance.h">
      <Filter>Character\Items</Filter>
    </ClInclude>
    <ClInclude Include="Creature_M2Instance.h">
      <Filter>Creature</Filter>
    </ClInclude>
    <ClInclude Include="Item_VisualData.h">
      <Filter>Character\Items</Filter>
    </ClInclude>
    <ClInclude Include="CreatureEx.h">
      <Filter>Creature</Filter>
    </ClInclude>
    <ClInclude Include="Character_SectionWrapper.h">
      <Filter>Character\Helpers</Filter>
    </ClInclude>
    <ClInclude Include="Character_SkinTextureBaker.h">
      <Filter>Character\Helpers</Filter>
    </ClInclude>
    <ClInclude Include="AuthWorldController.h" />
    <ClInclude Include="RealmInfo.h" />
  </ItemGroup>
</Project>