<?xml version="1.0" encoding="utf-8"?>
<Project ToolsVersion="4.0" xmlns="http://schemas.microsoft.com/developer/msbuild/2003">
  <ItemGroup>
    <Filter Include="Common">
      <UniqueIdentifier>{1de6e8a9-a626-400c-aadc-e153dab53c93}</UniqueIdentifier>
    </Filter>
    <Filter Include="Animations">
      <UniqueIdentifier>{79b6e830-78af-4f87-9b0e-d9914545d4a8}</UniqueIdentifier>
    </Filter>
    <Filter Include="Builders">
      <UniqueIdentifier>{fb2cb63b-d38c-4335-a4a6-e60e725174ec}</UniqueIdentifier>
    </Filter>
    <Filter Include="Skins">
      <UniqueIdentifier>{9b4c4f2c-c241-4bc5-815a-90e6ce186188}</UniqueIdentifier>
    </Filter>
    <Filter Include="Types">
      <UniqueIdentifier>{463aaf1c-5203-4b03-8b8c-892035f7ab98}</UniqueIdentifier>
    </Filter>
    <Filter Include="Components">
      <UniqueIdentifier>{1d62f7d9-303c-4ac2-99e0-c3b18a800f3a}</UniqueIdentifier>
    </Filter>
    <Filter Include="Components\Parts_Materials">
      <UniqueIdentifier>{fd38382e-df75-4e35-ae39-39829cf53733}</UniqueIdentifier>
    </Filter>
    <Filter Include="Components\Parts_Skeleton">
      <UniqueIdentifier>{129572a7-3503-4592-89ac-65857d39ddd8}</UniqueIdentifier>
    </Filter>
    <Filter Include="Components\Parts_Miscellaneous">
      <UniqueIdentifier>{9c567cfd-8d5f-4169-b720-97749b6ab35f}</UniqueIdentifier>
    </Filter>
    <Filter Include="Components\Parts_Miscellaneous\Ribbon">
      <UniqueIdentifier>{f2f63c6f-ef88-49cb-b957-a4b325449a93}</UniqueIdentifier>
    </Filter>
    <Filter Include="Components\Parts_Miscellaneous\Particle">
      <UniqueIdentifier>{74069097-38bc-4d66-bc04-1f1a8ed4c72c}</UniqueIdentifier>
    </Filter>
    <Filter Include="RenderStuff">
      <UniqueIdentifier>{b831f8ee-734b-484b-a78d-387e3f758afd}</UniqueIdentifier>
    </Filter>
    <Filter Include="Components\Parts_Miscellaneous\Particle\Emitters">
      <UniqueIdentifier>{3746cc1f-6189-4246-bd32-0a343d2b7c01}</UniqueIdentifier>
    </Filter>
  </ItemGroup>
  <ItemGroup>
    <ClCompile Include="M2_Builder.cpp">
      <Filter>Builders</Filter>
    </ClCompile>
    <ClCompile Include="M2_Skin_Builder.cpp">
      <Filter>Builders</Filter>
    </ClCompile>
    <ClCompile Include="M2_Skin.cpp">
      <Filter>Skins</Filter>
    </ClCompile>
    <ClCompile Include="M2_Skin_Batch.cpp">
      <Filter>Skins</Filter>
    </ClCompile>
    <ClCompile Include="M2_RibbonEmitters.cpp">
      <Filter>Components\Parts_Miscellaneous\Ribbon</Filter>
    </ClCompile>
    <ClCompile Include="ParticleSystem.cpp">
      <Filter>Components\Parts_Miscellaneous\Particle</Filter>
    </ClCompile>
    <ClCompile Include="M2_Animator.cpp">
      <Filter>Animations</Filter>
    </ClCompile>
    <ClCompile Include="M2_Animation.cpp">
      <Filter>Animations</Filter>
    </ClCompile>
    <ClCompile Include="stdafx.cpp">
      <Filter>Common</Filter>
    </ClCompile>
    <ClCompile Include="M2.cpp" />
    <ClCompile Include="M2_Manager.cpp" />
    <ClCompile Include="M2_Base_Instance.cpp" />
    <ClCompile Include="ShaderResolver.cpp">
      <Filter>Common</Filter>
    </ClCompile>
    <ClCompile Include="M2_SkinSection.cpp">
      <Filter>Skins</Filter>
    </ClCompile>
    <ClCompile Include="M2_Comp_Skeleton.cpp">
      <Filter>Components</Filter>
    </ClCompile>
    <ClCompile Include="M2_Comp_Materials.cpp">
      <Filter>Components</Filter>
    </ClCompile>
    <ClCompile Include="M2_Comp_Miscellaneous.cpp">
      <Filter>Components</Filter>
    </ClCompile>
    <ClCompile Include="M2_Part_Bone.cpp">
      <Filter>Components\Parts_Skeleton</Filter>
    </ClCompile>
    <ClCompile Include="M2_Part_TextureTransform.cpp">
      <Filter>Components\Parts_Materials</Filter>
    </ClCompile>
    <ClCompile Include="M2_Part_TextureWeight.cpp">
      <Filter>Components\Parts_Materials</Filter>
    </ClCompile>
    <ClCompile Include="M2_Part_Texture.cpp">
      <Filter>Components\Parts_Materials</Filter>
    </ClCompile>
    <ClCompile Include="M2_Part_Material.cpp">
      <Filter>Components\Parts_Materials</Filter>
    </ClCompile>
    <ClCompile Include="M2_Part_Color.cpp">
      <Filter>Components\Parts_Materials</Filter>
    </ClCompile>
    <ClCompile Include="M2_Part_Attachment.cpp">
      <Filter>Components\Parts_Miscellaneous</Filter>
    </ClCompile>
    <ClCompile Include="M2_Part_Camera.cpp">
      <Filter>Components\Parts_Miscellaneous</Filter>
    </ClCompile>
    <ClCompile Include="M2_Part_Event.cpp">
      <Filter>Components\Parts_Miscellaneous</Filter>
    </ClCompile>
    <ClCompile Include="M2_Part_Light.cpp">
      <Filter>Components\Parts_Miscellaneous</Filter>
    </ClCompile>
    <ClCompile Include="CreatePasses.cpp">
      <Filter>RenderStuff</Filter>
    </ClCompile>
    <ClCompile Include="M2_Pass.cpp">
      <Filter>RenderStuff</Filter>
    </ClCompile>
    <ClCompile Include="M2_Material.cpp">
      <Filter>RenderStuff</Filter>
    </ClCompile>
    <ClCompile Include="ParticleEmitters.cpp">
      <Filter>Components\Parts_Miscellaneous\Particle\Emitters</Filter>
    </ClCompile>
    <ClCompile Include="ParticleEmitter_Plane.cpp">
      <Filter>Components\Parts_Miscellaneous\Particle\Emitters</Filter>
    </ClCompile>
    <ClCompile Include="ParticleEmitter_Sphere.cpp">
      <Filter>Components\Parts_Miscellaneous\Particle\Emitters</Filter>
    </ClCompile>
  </ItemGroup>
  <ItemGroup>
    <ClInclude Include="M2_SkinTypes.h">
      <Filter>Types</Filter>
    </ClInclude>
    <ClInclude Include="M2_Types.h">
      <Filter>Types</Filter>
    </ClInclude>
    <ClInclude Include="M2_CommonTypes.h">
      <Filter>Types</Filter>
    </ClInclude>
    <ClInclude Include="M2_ParticlesTypes.h">
      <Filter>Types</Filter>
    </ClInclude>
    <ClInclude Include="M2_Headers.h">
      <Filter>Types</Filter>
    </ClInclude>
    <ClInclude Include="M2_AnimatedConverters.h">
      <Filter>Types</Filter>
    </ClInclude>
    <ClInclude Include="M2_Builder.h">
      <Filter>Builders</Filter>
    </ClInclude>
    <ClInclude Include="M2_Skin_Builder.h">
      <Filter>Builders</Filter>
    </ClInclude>
    <ClInclude Include="M2_Skin.h">
      <Filter>Skins</Filter>
    </ClInclude>
    <ClInclude Include="M2_Skin_Batch.h">
      <Filter>Skins</Filter>
    </ClInclude>
    <ClInclude Include="M2_RibbonEmitters.h">
      <Filter>Components\Parts_Miscellaneous\Ribbon</Filter>
    </ClInclude>
    <ClInclude Include="Particle.h">
      <Filter>Components\Parts_Miscellaneous\Particle</Filter>
    </ClInclude>
    <ClInclude Include="ParticleSystem.h">
      <Filter>Components\Parts_Miscellaneous\Particle</Filter>
    </ClInclude>
    <ClInclude Include="M2_Animator.h">
      <Filter>Animations</Filter>
    </ClInclude>
    <ClInclude Include="M2_Animation.h">
      <Filter>Animations</Filter>
    </ClInclude>
    <ClInclude Include="stdafx.h">
      <Filter>Common</Filter>
    </ClInclude>
    <ClInclude Include="M2.h" />
    <ClInclude Include="M2_Manager.h" />
    <ClInclude Include="..\shared\owGameM2.h">
      <Filter>Common</Filter>
    </ClInclude>
    <ClInclude Include="M2_Base_Instance.h" />
    <ClInclude Include="ShaderResolver.h">
      <Filter>Common</Filter>
    </ClInclude>
    <ClInclude Include="M2_SkinSection.h">
      <Filter>Skins</Filter>
    </ClInclude>
    <ClInclude Include="M2_Animated.h">
      <Filter>Types</Filter>
    </ClInclude>
    <ClInclude Include="M2_Comp_Skeleton.h">
      <Filter>Components</Filter>
    </ClInclude>
    <ClInclude Include="M2_Comp_Materials.h">
      <Filter>Components</Filter>
    </ClInclude>
    <ClInclude Include="M2_Comp_Miscellaneous.h">
      <Filter>Components</Filter>
    </ClInclude>
    <ClInclude Include="M2_Part_Bone.h">
      <Filter>Components\Parts_Skeleton</Filter>
    </ClInclude>
    <ClInclude Include="M2_Part_TextureWeight.h">
      <Filter>Components\Parts_Materials</Filter>
    </ClInclude>
    <ClInclude Include="M2_Part_TextureTransform.h">
      <Filter>Components\Parts_Materials</Filter>
    </ClInclude>
    <ClInclude Include="M2_Part_Texture.h">
      <Filter>Components\Parts_Materials</Filter>
    </ClInclude>
    <ClInclude Include="M2_Part_Material.h">
      <Filter>Components\Parts_Materials</Filter>
    </ClInclude>
    <ClInclude Include="M2_Part_Color.h">
      <Filter>Components\Parts_Materials</Filter>
    </ClInclude>
    <ClInclude Include="M2_Part_Attachment.h">
      <Filter>Components\Parts_Miscellaneous</Filter>
    </ClInclude>
    <ClInclude Include="M2_Part_Camera.h">
      <Filter>Components\Parts_Miscellaneous</Filter>
    </ClInclude>
    <ClInclude Include="M2_Part_Event.h">
      <Filter>Components\Parts_Miscellaneous</Filter>
    </ClInclude>
    <ClInclude Include="M2_Part_Light.h">
      <Filter>Components\Parts_Miscellaneous</Filter>
    </ClInclude>
    <ClInclude Include="CreatePasses.h">
      <Filter>RenderStuff</Filter>
    </ClInclude>
    <ClInclude Include="M2_Pass.h">
      <Filter>RenderStuff</Filter>
    </ClInclude>
    <ClInclude Include="M2_Material.h">
      <Filter>RenderStuff</Filter>
    </ClInclude>
    <ClInclude Include="ParticleEmitters.h">
      <Filter>Components\Parts_Miscellaneous\Particle\Emitters</Filter>
    </ClInclude>
    <ClInclude Include="ParticleEmitter_Plane.h">
      <Filter>Components\Parts_Miscellaneous\Particle\Emitters</Filter>
    </ClInclude>
    <ClInclude Include="ParticleEmitter_Sphere.h">
      <Filter>Components\Parts_Miscellaneous\Particle\Emitters</Filter>
    </ClInclude>
  </ItemGroup>
</Project>