<?xml version="1.0" encoding="utf-8"?>
<Project ToolsVersion="4.0" xmlns="http://schemas.microsoft.com/developer/msbuild/2003">
  <ItemGroup>
    <ClCompile Include="DBC__Storage.cpp">
      <Filter>Common</Filter>
    </ClCompile>
    <ClCompile Include="stdafx.cpp">
      <Filter>Common</Filter>
    </ClCompile>
  </ItemGroup>
  <ItemGroup>
    <ClInclude Include="DBC__Storage.h">
      <Filter>Common</Filter>
    </ClInclude>
    <ClInclude Include="DBC__File.h">
      <Filter>Common</Filter>
    </ClInclude>
    <ClInclude Include="DBC_AreaTable.h">
      <Filter>DBCs</Filter>
    </ClInclude>
    <ClInclude Include="DBC_GroundEffectDoodad.h">
      <Filter>DBCs</Filter>
    </ClInclude>
    <ClInclude Include="DBC_GroundEffectTexture.h">
      <Filter>DBCs</Filter>
    </ClInclude>
    <ClInclude Include="DBC_Light.h">
      <Filter>DBCs</Filter>
    </ClInclude>
    <ClInclude Include="DBC_LightFloatBand.h">
      <Filter>DBCs</Filter>
    </ClInclude>
    <ClInclude Include="DBC_LightIntBand.h">
      <Filter>DBCs</Filter>
    </ClInclude>
    <ClInclude Include="DBC_LightParams.h">
      <Filter>DBCs</Filter>
    </ClInclude>
    <ClInclude Include="DBC_LightSkyBox.h">
      <Filter>DBCs</Filter>
    </ClInclude>
    <ClInclude Include="DBC_LiquidType.h">
      <Filter>DBCs</Filter>
    </ClInclude>
    <ClInclude Include="DBC_LoadingScreen.h">
      <Filter>DBCs</Filter>
    </ClInclude>
    <ClInclude Include="DBC_Map.h">
      <Filter>DBCs</Filter>
    </ClInclude>
    <ClInclude Include="DBC_WMOAreaTable.h">
      <Filter>DBCs</Filter>
    </ClInclude>
    <ClInclude Include="DBC_AnimationData.h">
      <Filter>DBCs</Filter>
    </ClInclude>
    <ClInclude Include="DBC_TerrainType.h">
      <Filter>DBCs</Filter>
    </ClInclude>
    <ClInclude Include="DBC__Forwards.h">
      <Filter>Common</Filter>
    </ClInclude>
    <ClInclude Include="stdafx.h">
      <Filter>Common</Filter>
    </ClInclude>
    <ClInclude Include="..\shared\owDBC.h">
      <Filter>Common</Filter>
    </ClInclude>
    <ClInclude Include="DBC_CinematicSequences.h">
      <Filter>DBCs</Filter>
    </ClInclude>
    <ClInclude Include="DBC_CinematicCamera.h">
      <Filter>DBCs</Filter>
    </ClInclude>
    <ClInclude Include="DBC_Map_WotLK.h">
      <Filter>DBCs</Filter>
    </ClInclude>
    <ClInclude Include="DBC_CharSections.h">
      <Filter>DBCs\Characters</Filter>
    </ClInclude>
    <ClInclude Include="DBC_CharHairGeosets.h">
      <Filter>DBCs\Characters</Filter>
    </ClInclude>
    <ClInclude Include="DBC_CharacterFacialHairStyles.h">
      <Filter>DBCs\Characters</Filter>
    </ClInclude>
    <ClInclude Include="DBC_ChrRaces.h">
      <Filter>DBCs\Characters</Filter>
    </ClInclude>
    <ClInclude Include="DBC_CreatureDisplayInfo.h">
      <Filter>DBCs\DisplayInfo</Filter>
    </ClInclude>
    <ClInclude Include="DBC_CreatureModelData.h">
      <Filter>DBCs\DisplayInfo</Filter>
    </ClInclude>
    <ClInclude Include="DBC_CreatureDisplayInfoExtra.h">
      <Filter>DBCs\DisplayInfo</Filter>
    </ClInclude>
  </ItemGroup>
  <ItemGroup>
    <Filter Include="Common">
      <UniqueIdentifier>{6f348bad-d28e-4304-bfbd-ab646e82a894}</UniqueIdentifier>
    </Filter>
    <Filter Include="DBCs">
      <UniqueIdentifier>{7fb4b204-ed98-428e-86a3-13ca2ef284e0}</UniqueIdentifier>
    </Filter>
    <Filter Include="DBCs\Characters">
      <UniqueIdentifier>{a5b5a1a7-27eb-4cbb-9932-24314d81f7ed}</UniqueIdentifier>
    </Filter>
    <Filter Include="DBCs\DisplayInfo">
      <UniqueIdentifier>{0f606b7a-b2c6-46d6-9591-04181cb4140b}</UniqueIdentifier>
    </Filter>
  </ItemGroup>
  <ItemGroup>
    <None Include="DBC__File.inl">
      <Filter>Common</Filter>
    </None>
  </ItemGroup>
</Project>