<?xml version="1.0" encoding="utf-8"?>
<Project ToolsVersion="4.0" xmlns="http://schemas.microsoft.com/developer/msbuild/2003">
  <ItemGroup>
    <ClInclude Include="stdafx.h">
      <Filter>Common</Filter>
    </ClInclude>
    <ClInclude Include="CamContrTEMP.h" />
    <ClInclude Include="UI_Color_Material.h" />
    <ClInclude Include="UI_Pass.h" />
    <ClInclude Include="UI_Font_Material.h" />
    <ClInclude Include="Font.h" />
    <ClInclude Include="FontsManager.h" />
  </ItemGroup>
  <ItemGroup>
    <ClCompile Include="main.cpp" />
    <ClCompile Include="stdafx.cpp">
      <Filter>Common</Filter>
    </ClCompile>
    <ClCompile Include="UI_Color_Material.cpp" />
    <ClCompile Include="UI_Pass.cpp" />
    <ClCompile Include="UI_Font_Material.cpp" />
    <ClCompile Include="Font.cpp" />
    <ClCompile Include="FontsManager.cpp" />
  </ItemGroup>
  <ItemGroup>
    <Filter Include="Common">
      <UniqueIdentifier>{d8c5527d-4092-4dba-af1a-a3b1f7a57e92}</UniqueIdentifier>
    </Filter>
  </ItemGroup>
</Project>