<?xml version="1.0" encoding="utf-8"?>
<Project ToolsVersion="4.0" xmlns="http://schemas.microsoft.com/developer/msbuild/2003">
  <ItemGroup>
    <Filter Include="Liquid">
      <UniqueIdentifier>{6f7eba9b-6a7f-4263-83fd-d00c9258fd96}</UniqueIdentifier>
    </Filter>
    <Filter Include="Common">
      <UniqueIdentifier>{d0033b79-fd0f-4221-80fa-9a9bedd64d33}</UniqueIdentifier>
    </Filter>
    <Filter Include="RenderStuff">
      <UniqueIdentifier>{200c5de7-fe68-4b50-b0a5-0ff1e6f6dc8a}</UniqueIdentifier>
    </Filter>
    <Filter Include="DBC">
      <UniqueIdentifier>{356cc0f8-d08c-4813-b315-e727a27352e3}</UniqueIdentifier>
    </Filter>
    <Filter Include="DBC\Achivement">
      <UniqueIdentifier>{fd2b10a4-a894-4e79-b5b0-6c467276b5f7}</UniqueIdentifier>
    </Filter>
    <Filter Include="DBC\Area">
      <UniqueIdentifier>{538a66a7-9a5e-4884-81d1-5cb55031ad1c}</UniqueIdentifier>
    </Filter>
    <Filter Include="DBC\Characters">
      <UniqueIdentifier>{73713019-53c5-4409-a5fc-c900c3f02fca}</UniqueIdentifier>
    </Filter>
    <Filter Include="DBC\Cinematic">
      <UniqueIdentifier>{c77f8906-b25b-4e39-aa6a-73bef47e2491}</UniqueIdentifier>
    </Filter>
    <Filter Include="DBC\Creature">
      <UniqueIdentifier>{4dd9a1bf-6415-4ef4-bf4c-4dfdff98bcf4}</UniqueIdentifier>
    </Filter>
    <Filter Include="DBC\Item">
      <UniqueIdentifier>{8662afb5-bd38-431d-9f04-e07355286892}</UniqueIdentifier>
    </Filter>
    <Filter Include="DBC\Light">
      <UniqueIdentifier>{3b182e7a-b205-49a9-854d-9007d8eb6570}</UniqueIdentifier>
    </Filter>
    <Filter Include="DBC\Liquids">
      <UniqueIdentifier>{a3a1c880-ad22-4fab-b4d9-5dd0ff29a63a}</UniqueIdentifier>
    </Filter>
    <Filter Include="DBC\Core">
      <UniqueIdentifier>{638951d3-a60f-4938-b88c-dbe18bf71acb}</UniqueIdentifier>
    </Filter>
  </ItemGroup>
  <ItemGroup>
    <ClCompile Include="Liquid.cpp">
      <Filter>Liquid</Filter>
    </ClCompile>
    <ClCompile Include="LiquidInstance.cpp">
      <Filter>Liquid</Filter>
    </ClCompile>
    <ClCompile Include="stdafx.cpp">
      <Filter>Common</Filter>
    </ClCompile>
    <ClCompile Include="LiquidMaterial.cpp">
      <Filter>Liquid</Filter>
    </ClCompile>
    <ClCompile Include="CreatePasses.cpp">
      <Filter>RenderStuff</Filter>
    </ClCompile>
    <ClCompile Include="Liquid_Pass.cpp">
      <Filter>Liquid</Filter>
    </ClCompile>
    <ClCompile Include="LiquidLayer.cpp">
      <Filter>Liquid</Filter>
    </ClCompile>
    <ClCompile Include="DBC\Core\DBC__Storage.cpp">
      <Filter>DBC\Core</Filter>
    </ClCompile>
  </ItemGroup>
  <ItemGroup>
    <ClInclude Include="Liquid.h">
      <Filter>Liquid</Filter>
    </ClInclude>
    <ClInclude Include="LiquidInstance.h">
      <Filter>Liquid</Filter>
    </ClInclude>
    <ClInclude Include="common.h">
      <Filter>Common</Filter>
    </ClInclude>
    <ClInclude Include="stdafx.h">
      <Filter>Common</Filter>
    </ClInclude>
    <ClInclude Include="..\shared\owGame.h">
      <Filter>Common</Filter>
    </ClInclude>
    <ClInclude Include="WowChunkUtils.h" />
    <ClInclude Include="WowConsts.h" />
    <ClInclude Include="WowTime.h" />
    <ClInclude Include="WowTypes.h" />
    <ClInclude Include="LiquidMaterial.h">
      <Filter>Liquid</Filter>
    </ClInclude>
    <ClInclude Include="CreatePasses.h">
      <Filter>RenderStuff</Filter>
    </ClInclude>
    <ClInclude Include="Liquid_Pass.h">
      <Filter>Liquid</Filter>
    </ClInclude>
    <ClInclude Include="LiquidLayer.h">
      <Filter>Liquid</Filter>
    </ClInclude>
    <ClInclude Include="DBC\DBC_AreaTable.h">
      <Filter>DBC\Area</Filter>
    </ClInclude>
    <ClInclude Include="DBC\DBC_CharacterFacialHairStyles.h">
      <Filter>DBC\Characters</Filter>
    </ClInclude>
    <ClInclude Include="DBC\DBC_CharComponentTextureLayouts.h">
      <Filter>DBC\Characters</Filter>
    </ClInclude>
    <ClInclude Include="DBC\DBC_CharComponentTextureSections.h">
      <Filter>DBC\Characters</Filter>
    </ClInclude>
    <ClInclude Include="DBC\DBC_CharHairGeosets.h">
      <Filter>DBC\Characters</Filter>
    </ClInclude>
    <ClInclude Include="DBC\DBC_CharSections.h">
      <Filter>DBC\Characters</Filter>
    </ClInclude>
    <ClInclude Include="DBC\DBC_ChrRaces.h">
      <Filter>DBC\Characters</Filter>
    </ClInclude>
    <ClInclude Include="DBC\DBC_CinematicCamera.h">
      <Filter>DBC\Cinematic</Filter>
    </ClInclude>
    <ClInclude Include="DBC\DBC_CinematicSequences.h">
      <Filter>DBC\Cinematic</Filter>
    </ClInclude>
    <ClInclude Include="DBC\DBC_CreatureDisplayInfo.h">
      <Filter>DBC\Creature</Filter>
    </ClInclude>
    <ClInclude Include="DBC\DBC_CreatureDisplayInfoExtra.h">
      <Filter>DBC\Creature</Filter>
    </ClInclude>
    <ClInclude Include="DBC\DBC_CreatureModelData.h">
      <Filter>DBC\Creature</Filter>
    </ClInclude>
    <ClInclude Include="DBC\DBC_HelmetGeosetVisData.h">
      <Filter>DBC\Item</Filter>
    </ClInclude>
    <ClInclude Include="DBC\DBC_Item.h">
      <Filter>DBC\Item</Filter>
    </ClInclude>
    <ClInclude Include="DBC\DBC_ItemBagFamily.h">
      <Filter>DBC\Item</Filter>
    </ClInclude>
    <ClInclude Include="DBC\DBC_ItemClass.h">
      <Filter>DBC\Item</Filter>
    </ClInclude>
    <ClInclude Include="DBC\DBC_ItemDisplayInfo.h">
      <Filter>DBC\Item</Filter>
    </ClInclude>
    <ClInclude Include="DBC\DBC_ItemVisualEffects.h">
      <Filter>DBC\Item</Filter>
    </ClInclude>
    <ClInclude Include="DBC\DBC_ItemVisuals.h">
      <Filter>DBC\Item</Filter>
    </ClInclude>
    <ClInclude Include="DBC\DBC_Light.h">
      <Filter>DBC\Light</Filter>
    </ClInclude>
    <ClInclude Include="DBC\DBC_LightFloatBand.h">
      <Filter>DBC\Light</Filter>
    </ClInclude>
    <ClInclude Include="DBC\DBC_LightIntBand.h">
      <Filter>DBC\Light</Filter>
    </ClInclude>
    <ClInclude Include="DBC\DBC_LightParams.h">
      <Filter>DBC\Light</Filter>
    </ClInclude>
    <ClInclude Include="DBC\DBC_LightSkyBox.h">
      <Filter>DBC\Light</Filter>
    </ClInclude>
    <ClInclude Include="DBC\DBC_LiquidMaterial.h">
      <Filter>DBC\Liquids</Filter>
    </ClInclude>
    <ClInclude Include="DBC\DBC_LiquidType.h">
      <Filter>DBC\Liquids</Filter>
    </ClInclude>
    <ClInclude Include="DBC\DBC_AnimationData.h">
      <Filter>DBC</Filter>
    </ClInclude>
    <ClInclude Include="DBC\DBC_LoadingScreen.h">
      <Filter>DBC</Filter>
    </ClInclude>
    <ClInclude Include="DBC\DBC_Map.h">
      <Filter>DBC</Filter>
    </ClInclude>
    <ClInclude Include="DBC\DBC_Map_WotLK.h">
      <Filter>DBC</Filter>
    </ClInclude>
    <ClInclude Include="DBC\DBC_Material.h">
      <Filter>DBC</Filter>
    </ClInclude>
    <ClInclude Include="DBC\DBC_TerrainType.h">
      <Filter>DBC</Filter>
    </ClInclude>
    <ClInclude Include="DBC\DBC_WMOAreaTable.h">
      <Filter>DBC</Filter>
    </ClInclude>
    <ClInclude Include="DBC\DBC_WorldSafeLocs.h">
      <Filter>DBC</Filter>
    </ClInclude>
    <ClInclude Include="DBC\Core\DBC__File.h">
      <Filter>DBC\Core</Filter>
    </ClInclude>
    <ClInclude Include="DBC\Core\DBC__Forwards.h">
      <Filter>DBC\Core</Filter>
    </ClInclude>
    <ClInclude Include="DBC\Core\DBC__Storage.h">
      <Filter>DBC\Core</Filter>
    </ClInclude>
    <ClInclude Include="DBC\DBC_Map_Cata.h">
      <Filter>DBC</Filter>
    </ClInclude>
    <ClInclude Include="DBC\DBC_AreaTable_Cata.h">
      <Filter>DBC\Area</Filter>
    </ClInclude>
    <ClInclude Include="DBC\DBC_LiquidObject_Cata.h">
      <Filter>DBC\Liquids</Filter>
    </ClInclude>
  </ItemGroup>
  <ItemGroup>
    <None Include="DBC\Core\DBC__File.inl">
      <Filter>DBC\Core</Filter>
    </None>
  </ItemGroup>
</Project>