<?xml version="1.0" encoding="utf-8"?>
<Project ToolsVersion="4.0" xmlns="http://schemas.microsoft.com/developer/msbuild/2003">
  <ItemGroup>
    <Filter Include="Map">
      <UniqueIdentifier>{a36b5e59-c60a-4f44-b7b3-9977636ed0d1}</UniqueIdentifier>
    </Filter>
    <Filter Include="Environment">
      <UniqueIdentifier>{5855bdd1-81fa-42f5-a488-036763f96299}</UniqueIdentifier>
    </Filter>
    <Filter Include="Map\Instances">
      <UniqueIdentifier>{aa7fbffb-1487-4cbf-9eba-5f2d6c4ca15f}</UniqueIdentifier>
    </Filter>
    <Filter Include="Common">
      <UniqueIdentifier>{d0033b79-fd0f-4221-80fa-9a9bedd64d33}</UniqueIdentifier>
    </Filter>
    <Filter Include="Environment\DayNight">
      <UniqueIdentifier>{28b97f23-4ed2-4ece-b969-7b97bd834fdc}</UniqueIdentifier>
    </Filter>
    <Filter Include="Environment\Skies">
      <UniqueIdentifier>{179d7822-1b17-4d5c-9dcf-34999c82a998}</UniqueIdentifier>
    </Filter>
    <Filter Include="WorldController">
      <UniqueIdentifier>{86cc816c-079e-4fc1-8454-67b7ce64a75c}</UniqueIdentifier>
    </Filter>
  </ItemGroup>
  <ItemGroup>
    <ClCompile Include="Sky.cpp">
      <Filter>Environment\Skies</Filter>
    </ClCompile>
    <ClCompile Include="SkyManager.cpp">
      <Filter>Environment\Skies</Filter>
    </ClCompile>
    <ClCompile Include="DayNightCycle.cpp">
      <Filter>Environment\DayNight</Filter>
    </ClCompile>
    <ClCompile Include="DayNightPhase.cpp">
      <Filter>Environment\DayNight</Filter>
    </ClCompile>
    <ClCompile Include="Map_Shared.cpp">
      <Filter>Map</Filter>
    </ClCompile>
    <ClCompile Include="WorldController.cpp">
      <Filter>WorldController</Filter>
    </ClCompile>
    <ClCompile Include="MapController.cpp">
      <Filter>Map</Filter>
    </ClCompile>
    <ClCompile Include="WorldRender.cpp">
      <Filter>WorldController</Filter>
    </ClCompile>
    <ClCompile Include="ADT_WMO_Instance.cpp">
      <Filter>Map\Instances</Filter>
    </ClCompile>
    <ClCompile Include="ADT_MDX_Instance.cpp">
      <Filter>Map\Instances</Filter>
    </ClCompile>
    <ClCompile Include="ADT_MCNK.cpp">
      <Filter>Map</Filter>
    </ClCompile>
    <ClCompile Include="ADT.cpp">
      <Filter>Map</Filter>
    </ClCompile>
    <ClCompile Include="WDL.cpp">
      <Filter>Map</Filter>
    </ClCompile>
    <ClCompile Include="WDT.cpp">
      <Filter>Map</Filter>
    </ClCompile>
    <ClCompile Include="Loader.cpp">
      <Filter>Common</Filter>
    </ClCompile>
    <ClCompile Include="EnvironmentManager.cpp">
      <Filter>Environment</Filter>
    </ClCompile>
    <ClCompile Include="stdafx.cpp">
      <Filter>Common</Filter>
    </ClCompile>
    <ClCompile Include="ADT_Liquid.cpp">
      <Filter>Map\Instances</Filter>
    </ClCompile>
  </ItemGroup>
  <ItemGroup>
    <ClInclude Include="Sky.h">
      <Filter>Environment\Skies</Filter>
    </ClInclude>
    <ClInclude Include="SkyManager.h">
      <Filter>Environment\Skies</Filter>
    </ClInclude>
    <ClInclude Include="EnvironmentManager.h">
      <Filter>Environment</Filter>
    </ClInclude>
    <ClInclude Include="DayNightCycle.h">
      <Filter>Environment\DayNight</Filter>
    </ClInclude>
    <ClInclude Include="DayNightPhase.h">
      <Filter>Environment\DayNight</Filter>
    </ClInclude>
    <ClInclude Include="Map_Shared.h">
      <Filter>Map</Filter>
    </ClInclude>
    <ClInclude Include="WorldController.h">
      <Filter>WorldController</Filter>
    </ClInclude>
    <ClInclude Include="MapController.h">
      <Filter>Map</Filter>
    </ClInclude>
    <ClInclude Include="WorldRender.h">
      <Filter>WorldController</Filter>
    </ClInclude>
    <ClInclude Include="ADT_WMO_Instance.h">
      <Filter>Map\Instances</Filter>
    </ClInclude>
    <ClInclude Include="ADT_MDX_Instance.h">
      <Filter>Map\Instances</Filter>
    </ClInclude>
    <ClInclude Include="ADT_MCNK.h">
      <Filter>Map</Filter>
    </ClInclude>
    <ClInclude Include="ADT.h">
      <Filter>Map</Filter>
    </ClInclude>
    <ClInclude Include="WDL.h">
      <Filter>Map</Filter>
    </ClInclude>
    <ClInclude Include="WDT.h">
      <Filter>Map</Filter>
    </ClInclude>
    <ClInclude Include="Loader.h">
      <Filter>Common</Filter>
    </ClInclude>
    <ClInclude Include="common.h">
      <Filter>Common</Filter>
    </ClInclude>
    <ClInclude Include="stdafx.h">
      <Filter>Common</Filter>
    </ClInclude>
    <ClInclude Include="..\shared\owGame.h">
      <Filter>Common</Filter>
    </ClInclude>
    <ClInclude Include="ADT_Liquid.h">
      <Filter>Map\Instances</Filter>
    </ClInclude>
  </ItemGroup>
  <ItemGroup>
    <None Include="Sky.inl">
      <Filter>Environment\Skies</Filter>
    </None>
  </ItemGroup>
</Project>