<?xml version="1.0" encoding="utf-8"?>
<Project ToolsVersion="4.0" xmlns="http://schemas.microsoft.com/developer/msbuild/2003">
  <ItemGroup>
    <ClCompile Include="stdafx.cpp">
      <Filter>Common</Filter>
    </ClCompile>
    <ClCompile Include="DBC__Storage.cpp" />
  </ItemGroup>
  <ItemGroup>
    <ClInclude Include="DBC_GroundEffectDoodad.h">
      <Filter>DBCs</Filter>
    </ClInclude>
    <ClInclude Include="DBC_GroundEffectTexture.h">
      <Filter>DBCs</Filter>
    </ClInclude>
    <ClInclude Include="DBC_LoadingScreen.h">
      <Filter>DBCs</Filter>
    </ClInclude>
    <ClInclude Include="DBC_Map.h">
      <Filter>DBCs</Filter>
    </ClInclude>
    <ClInclude Include="DBC_WMOAreaTable.h">
      <Filter>DBCs</Filter>
    </ClInclude>
    <ClInclude Include="DBC_AnimationData.h">
      <Filter>DBCs</Filter>
    </ClInclude>
    <ClInclude Include="DBC_TerrainType.h">
      <Filter>DBCs</Filter>
    </ClInclude>
    <ClInclude Include="stdafx.h">
      <Filter>Common</Filter>
    </ClInclude>
    <ClInclude Include="DBC_Map_WotLK.h">
      <Filter>DBCs</Filter>
    </ClInclude>
    <ClInclude Include="DBC_CharSections.h">
      <Filter>DBCs\Characters</Filter>
    </ClInclude>
    <ClInclude Include="DBC_CharHairGeosets.h">
      <Filter>DBCs\Characters</Filter>
    </ClInclude>
    <ClInclude Include="DBC_CharacterFacialHairStyles.h">
      <Filter>DBCs\Characters</Filter>
    </ClInclude>
    <ClInclude Include="DBC_ChrRaces.h">
      <Filter>DBCs\Characters</Filter>
    </ClInclude>
    <ClInclude Include="DBC_WorldSafeLocs.h">
      <Filter>DBCs</Filter>
    </ClInclude>
    <ClInclude Include="DBC_AreaTable.h">
      <Filter>DBCs\Area</Filter>
    </ClInclude>
    <ClInclude Include="DBC_CinematicCamera.h">
      <Filter>DBCs\Cinematic</Filter>
    </ClInclude>
    <ClInclude Include="DBC_CinematicSequences.h">
      <Filter>DBCs\Cinematic</Filter>
    </ClInclude>
    <ClInclude Include="DBC_CreatureDisplayInfo.h">
      <Filter>DBCs\Creature</Filter>
    </ClInclude>
    <ClInclude Include="DBC_CreatureDisplayInfoExtra.h">
      <Filter>DBCs\Creature</Filter>
    </ClInclude>
    <ClInclude Include="DBC_CreatureModelData.h">
      <Filter>DBCs\Creature</Filter>
    </ClInclude>
    <ClInclude Include="DBC_Light.h">
      <Filter>DBCs\Light</Filter>
    </ClInclude>
    <ClInclude Include="DBC_LightFloatBand.h">
      <Filter>DBCs\Light</Filter>
    </ClInclude>
    <ClInclude Include="DBC_LightIntBand.h">
      <Filter>DBCs\Light</Filter>
    </ClInclude>
    <ClInclude Include="DBC_LightParams.h">
      <Filter>DBCs\Light</Filter>
    </ClInclude>
    <ClInclude Include="DBC_LightSkyBox.h">
      <Filter>DBCs\Light</Filter>
    </ClInclude>
    <ClInclude Include="DBC_LiquidType.h">
      <Filter>DBCs\Liquids</Filter>
    </ClInclude>
    <ClInclude Include="DBC_LiquidMaterial.h">
      <Filter>DBCs\Liquids</Filter>
    </ClInclude>
    <ClInclude Include="DBC_ItemDisplayInfo.h">
      <Filter>DBCs\Item</Filter>
    </ClInclude>
    <ClInclude Include="DBC_CharComponentTextureLayouts.h">
      <Filter>DBCs\Characters</Filter>
    </ClInclude>
    <ClInclude Include="DBC_CharComponentTextureSections.h">
      <Filter>DBCs\Characters</Filter>
    </ClInclude>
    <ClInclude Include="DBC_Item.h">
      <Filter>DBCs\Item</Filter>
    </ClInclude>
    <ClInclude Include="DBC_ItemBagFamily.h">
      <Filter>DBCs\Item</Filter>
    </ClInclude>
    <ClInclude Include="DBC_ItemClass.h">
      <Filter>DBCs\Item</Filter>
    </ClInclude>
    <ClInclude Include="DBC_Material.h">
      <Filter>DBCs</Filter>
    </ClInclude>
    <ClInclude Include="DBC_HelmetGeosetVisData.h">
      <Filter>DBCs\Item</Filter>
    </ClInclude>
    <ClInclude Include="DBC_ItemVisualEffects.h">
      <Filter>DBCs\Item</Filter>
    </ClInclude>
    <ClInclude Include="DBC_ItemVisuals.h">
      <Filter>DBCs\Item</Filter>
    </ClInclude>
    <ClInclude Include="..\shared\owGameDBC.h">
      <Filter>Common</Filter>
    </ClInclude>
    <ClInclude Include="DBC__File.h" />
    <ClInclude Include="DBC__Forwards.h" />
    <ClInclude Include="DBC__Storage.h" />
  </ItemGroup>
  <ItemGroup>
    <Filter Include="Common">
      <UniqueIdentifier>{6f348bad-d28e-4304-bfbd-ab646e82a894}</UniqueIdentifier>
    </Filter>
    <Filter Include="DBCs">
      <UniqueIdentifier>{7fb4b204-ed98-428e-86a3-13ca2ef284e0}</UniqueIdentifier>
    </Filter>
    <Filter Include="DBCs\Characters">
      <UniqueIdentifier>{a5b5a1a7-27eb-4cbb-9932-24314d81f7ed}</UniqueIdentifier>
    </Filter>
    <Filter Include="DBCs\Achivement">
      <UniqueIdentifier>{3b6860ef-83ea-49b9-8aa0-ea0d3e4e7663}</UniqueIdentifier>
    </Filter>
    <Filter Include="DBCs\Area">
      <UniqueIdentifier>{767c79a4-acbf-441c-b4a3-56a30a62d782}</UniqueIdentifier>
    </Filter>
    <Filter Include="DBCs\Cinematic">
      <UniqueIdentifier>{39412db1-8839-462f-8345-e696b6fe24cf}</UniqueIdentifier>
    </Filter>
    <Filter Include="DBCs\Creature">
      <UniqueIdentifier>{5cd1eff1-491c-4beb-9bba-ad97e0b5eac9}</UniqueIdentifier>
    </Filter>
    <Filter Include="DBCs\Light">
      <UniqueIdentifier>{264c9aca-761f-4a37-831c-369fb7bfc85e}</UniqueIdentifier>
    </Filter>
    <Filter Include="DBCs\Item">
      <UniqueIdentifier>{b137316c-6481-479e-8774-387b6d76248e}</UniqueIdentifier>
    </Filter>
    <Filter Include="DBCs\Liquids">
      <UniqueIdentifier>{2eff785e-0c2f-435b-ae06-d2d48b243d89}</UniqueIdentifier>
    </Filter>
  </ItemGroup>
  <ItemGroup>
    <None Include="DBC__File.inl" />
  </ItemGroup>
</Project>