<?xml version="1.0" encoding="utf-8"?>
<Project ToolsVersion="4.0" xmlns="http://schemas.microsoft.com/developer/msbuild/2003">
  <ItemGroup>
    <ClCompile Include="stdafx.cpp">
      <Filter>Common</Filter>
    </ClCompile>
    <ClCompile Include="Application.cpp">
      <Filter>Core</Filter>
    </ClCompile>
    <ClCompile Include="Camera.cpp">
      <Filter>Core</Filter>
    </ClCompile>
    <ClCompile Include="EngineTime.cpp">
      <Filter>Core</Filter>
    </ClCompile>
    <ClCompile Include="Graphics.cpp">
      <Filter>Core</Filter>
    </ClCompile>
    <ClCompile Include="Material.cpp">
      <Filter>Core</Filter>
    </ClCompile>
    <ClCompile Include="Object.cpp">
      <Filter>Core</Filter>
    </ClCompile>
    <ClCompile Include="ProgressWindow.cpp">
      <Filter>Core</Filter>
    </ClCompile>
    <ClCompile Include="Scene.cpp">
      <Filter>Core</Filter>
    </ClCompile>
    <ClCompile Include="SceneBase.cpp">
      <Filter>Core</Filter>
    </ClCompile>
    <ClCompile Include="SceneNode.cpp">
      <Filter>Core</Filter>
    </ClCompile>
    <ClCompile Include="DX11\BlendStateDX11.cpp">
      <Filter>DX11</Filter>
    </ClCompile>
    <ClCompile Include="DX11\BufferDX11.cpp">
      <Filter>DX11</Filter>
    </ClCompile>
    <ClCompile Include="DX11\ConstantBufferDX11.cpp">
      <Filter>DX11</Filter>
    </ClCompile>
    <ClCompile Include="DX11\DepthStencilStateDX11.cpp">
      <Filter>DX11</Filter>
    </ClCompile>
    <ClCompile Include="DX11\MeshDX11.cpp">
      <Filter>DX11</Filter>
    </ClCompile>
    <ClCompile Include="DX11\PipelineStateDX11.cpp">
      <Filter>DX11</Filter>
    </ClCompile>
    <ClCompile Include="DX11\QueryDX11.cpp">
      <Filter>DX11</Filter>
    </ClCompile>
    <ClCompile Include="DX11\RasterizerStateDX11.cpp">
      <Filter>DX11</Filter>
    </ClCompile>
    <ClCompile Include="DX11\RenderDeviceDX11.cpp">
      <Filter>DX11</Filter>
    </ClCompile>
    <ClCompile Include="DX11\RenderTargetDX11.cpp">
      <Filter>DX11</Filter>
    </ClCompile>
    <ClCompile Include="DX11\RenderWindowDX11.cpp">
      <Filter>DX11</Filter>
    </ClCompile>
    <ClCompile Include="DX11\SamplerStateDX11.cpp">
      <Filter>DX11</Filter>
    </ClCompile>
    <ClCompile Include="DX11\SceneDX11.cpp">
      <Filter>DX11</Filter>
    </ClCompile>
    <ClCompile Include="DX11\ShaderDX11.cpp">
      <Filter>DX11</Filter>
    </ClCompile>
    <ClCompile Include="DX11\ShaderParameterDX11.cpp">
      <Filter>DX11</Filter>
    </ClCompile>
    <ClCompile Include="DX11\StructuredBufferDX11.cpp">
      <Filter>DX11</Filter>
    </ClCompile>
    <ClCompile Include="DX11\TextureDX11.cpp">
      <Filter>DX11</Filter>
    </ClCompile>
    <ClCompile Include="Timer.cpp">
      <Filter>Core\Misc\Timers</Filter>
    </ClCompile>
    <ClCompile Include="HighResolutionTimer.cpp">
      <Filter>Core\Misc\Timers</Filter>
    </ClCompile>
    <ClCompile Include="Ray.cpp">
      <Filter>Core\Misc</Filter>
    </ClCompile>
    <ClCompile Include="ConstantBuffer.cpp">
      <Filter>Render types\Specific</Filter>
    </ClCompile>
    <ClCompile Include="RenderDevice.cpp">
      <Filter>Render types\Specific</Filter>
    </ClCompile>
    <ClCompile Include="RenderWindow.cpp">
      <Filter>Render types\Specific</Filter>
    </ClCompile>
    <ClCompile Include="ShaderParameter.cpp">
      <Filter>Render types\Specific</Filter>
    </ClCompile>
  </ItemGroup>
  <ItemGroup>
    <ClInclude Include="common.h">
      <Filter>Common</Filter>
    </ClInclude>
    <ClInclude Include="stdafx.h">
      <Filter>Common</Filter>
    </ClInclude>
    <ClInclude Include="..\shared\owRenderNew.h">
      <Filter>Common</Filter>
    </ClInclude>
    <ClInclude Include="Application.h">
      <Filter>Core</Filter>
    </ClInclude>
    <ClInclude Include="Camera.h">
      <Filter>Core</Filter>
    </ClInclude>
    <ClInclude Include="ClearFlags.h">
      <Filter>Core</Filter>
    </ClInclude>
    <ClInclude Include="EngineTime.h">
      <Filter>Core</Filter>
    </ClInclude>
    <ClInclude Include="Graphics.h">
      <Filter>Core</Filter>
    </ClInclude>
    <ClInclude Include="Light.h">
      <Filter>Core</Filter>
    </ClInclude>
    <ClInclude Include="Material.h">
      <Filter>Core</Filter>
    </ClInclude>
    <ClInclude Include="Object.h">
      <Filter>Core</Filter>
    </ClInclude>
    <ClInclude Include="Pixel.h">
      <Filter>Core</Filter>
    </ClInclude>
    <ClInclude Include="ProgressWindow.h">
      <Filter>Core</Filter>
    </ClInclude>
    <ClInclude Include="Scene.h">
      <Filter>Core</Filter>
    </ClInclude>
    <ClInclude Include="SceneBase.h">
      <Filter>Core</Filter>
    </ClInclude>
    <ClInclude Include="SceneNode.h">
      <Filter>Core</Filter>
    </ClInclude>
    <ClInclude Include="ThreadSafeQueue.h">
      <Filter>Core</Filter>
    </ClInclude>
    <ClInclude Include="Viewport.h">
      <Filter>Core</Filter>
    </ClInclude>
    <ClInclude Include="Visitor.h">
      <Filter>Core</Filter>
    </ClInclude>
    <ClInclude Include="DX11\BlendStateDX11.h">
      <Filter>DX11</Filter>
    </ClInclude>
    <ClInclude Include="DX11\BufferDX11.h">
      <Filter>DX11</Filter>
    </ClInclude>
    <ClInclude Include="DX11\ConstantBufferDX11.h">
      <Filter>DX11</Filter>
    </ClInclude>
    <ClInclude Include="DX11\DepthStencilStateDX11.h">
      <Filter>DX11</Filter>
    </ClInclude>
    <ClInclude Include="DX11\MeshDX11.h">
      <Filter>DX11</Filter>
    </ClInclude>
    <ClInclude Include="DX11\PipelineStateDX11.h">
      <Filter>DX11</Filter>
    </ClInclude>
    <ClInclude Include="DX11\QueryDX11.h">
      <Filter>DX11</Filter>
    </ClInclude>
    <ClInclude Include="DX11\RasterizerStateDX11.h">
      <Filter>DX11</Filter>
    </ClInclude>
    <ClInclude Include="DX11\RenderDeviceDX11.h">
      <Filter>DX11</Filter>
    </ClInclude>
    <ClInclude Include="DX11\RenderTargetDX11.h">
      <Filter>DX11</Filter>
    </ClInclude>
    <ClInclude Include="DX11\RenderWindowDX11.h">
      <Filter>DX11</Filter>
    </ClInclude>
    <ClInclude Include="DX11\SamplerStateDX11.h">
      <Filter>DX11</Filter>
    </ClInclude>
    <ClInclude Include="DX11\SceneDX11.h">
      <Filter>DX11</Filter>
    </ClInclude>
    <ClInclude Include="DX11\ShaderDX11.h">
      <Filter>DX11</Filter>
    </ClInclude>
    <ClInclude Include="DX11\ShaderParameterDX11.h">
      <Filter>DX11</Filter>
    </ClInclude>
    <ClInclude Include="DX11\StructuredBufferDX11.h">
      <Filter>DX11</Filter>
    </ClInclude>
    <ClInclude Include="DX11\TextureDX11.h">
      <Filter>DX11</Filter>
    </ClInclude>
    <ClInclude Include="resource.h" />
    <ClInclude Include="Timer.h">
      <Filter>Core\Misc\Timers</Filter>
    </ClInclude>
    <ClInclude Include="HighResolutionTimer.h">
      <Filter>Core\Misc\Timers</Filter>
    </ClInclude>
    <ClInclude Include="Events.h">
      <Filter>Core\Misc</Filter>
    </ClInclude>
    <ClInclude Include="KeyCodes.h">
      <Filter>Core\Misc</Filter>
    </ClInclude>
    <ClInclude Include="RaycastHit.h">
      <Filter>Core\Misc</Filter>
    </ClInclude>
    <ClInclude Include="Ray.h">
      <Filter>Core\Misc</Filter>
    </ClInclude>
    <ClInclude Include="Rect.h">
      <Filter>Core\Misc</Filter>
    </ClInclude>
    <ClInclude Include="BlendState.h">
      <Filter>Render types\Specific</Filter>
    </ClInclude>
    <ClInclude Include="Buffer.h">
      <Filter>Render types\Specific</Filter>
    </ClInclude>
    <ClInclude Include="ConstantBuffer.h">
      <Filter>Render types\Specific</Filter>
    </ClInclude>
    <ClInclude Include="DepthStencilState.h">
      <Filter>Render types\Specific</Filter>
    </ClInclude>
    <ClInclude Include="Mesh.h">
      <Filter>Render types\Specific</Filter>
    </ClInclude>
    <ClInclude Include="PipelineState.h">
      <Filter>Render types\Specific</Filter>
    </ClInclude>
    <ClInclude Include="Query.h">
      <Filter>Render types\Specific</Filter>
    </ClInclude>
    <ClInclude Include="RasterizerState.h">
      <Filter>Render types\Specific</Filter>
    </ClInclude>
    <ClInclude Include="RenderDevice.h">
      <Filter>Render types\Specific</Filter>
    </ClInclude>
    <ClInclude Include="RenderTarget.h">
      <Filter>Render types\Specific</Filter>
    </ClInclude>
    <ClInclude Include="RenderWindow.h">
      <Filter>Render types\Specific</Filter>
    </ClInclude>
    <ClInclude Include="SamplerState.h">
      <Filter>Render types\Specific</Filter>
    </ClInclude>
    <ClInclude Include="Shader.h">
      <Filter>Render types\Specific</Filter>
    </ClInclude>
    <ClInclude Include="ShaderParameter.h">
      <Filter>Render types\Specific</Filter>
    </ClInclude>
    <ClInclude Include="StructuredBuffer.h">
      <Filter>Render types\Specific</Filter>
    </ClInclude>
    <ClInclude Include="Texture.h">
      <Filter>Render types\Specific</Filter>
    </ClInclude>
    <ClInclude Include="BufferBinding.h">
      <Filter>Render types</Filter>
    </ClInclude>
    <ClInclude Include="CPUAccess.h">
      <Filter>Render types</Filter>
    </ClInclude>
  </ItemGroup>
  <ItemGroup>
    <Filter Include="Common">
      <UniqueIdentifier>{98fc8d94-3730-4821-bb53-d891aea80641}</UniqueIdentifier>
    </Filter>
    <Filter Include="Core">
      <UniqueIdentifier>{22381386-e6dc-40d6-9bed-d4f69824554c}</UniqueIdentifier>
    </Filter>
    <Filter Include="DX11">
      <UniqueIdentifier>{19d8fa45-9c2a-4427-8d77-05e0a0070457}</UniqueIdentifier>
    </Filter>
    <Filter Include="OpenGL">
      <UniqueIdentifier>{96272fed-1cbd-4406-96c6-83566990fd54}</UniqueIdentifier>
    </Filter>
    <Filter Include="Core\Misc">
      <UniqueIdentifier>{d50dc975-5555-4944-afad-24603a237e08}</UniqueIdentifier>
    </Filter>
    <Filter Include="Core\Misc\Timers">
      <UniqueIdentifier>{6a474aac-c795-4580-ba2f-c61c79f3b882}</UniqueIdentifier>
    </Filter>
    <Filter Include="Render types">
      <UniqueIdentifier>{e4130516-475b-42b6-940c-b2ad68251d5d}</UniqueIdentifier>
    </Filter>
    <Filter Include="Render types\Specific">
      <UniqueIdentifier>{399ba293-f4b8-496b-a38e-ac5f11a5cce0}</UniqueIdentifier>
    </Filter>
  </ItemGroup>
  <ItemGroup>
    <None Include="RenderDevice.inl">
      <Filter>Render types\Specific</Filter>
    </None>
    <None Include="ConstantBuffer.inl">
      <Filter>Render types\Specific</Filter>
    </None>
    <None Include="ShaderParameter.inl">
      <Filter>Render types\Specific</Filter>
    </None>
    <None Include="StructuredBuffer.inl">
      <Filter>Render types\Specific</Filter>
    </None>
    <None Include="Texture.inl">
      <Filter>Render types\Specific</Filter>
    </None>
  </ItemGroup>
</Project>