<?xml version="1.0" encoding="utf-8"?>
<Project ToolsVersion="4.0" xmlns="http://schemas.microsoft.com/developer/msbuild/2003">
  <ItemGroup>
    <ClCompile Include="main.cpp" />
    <ClCompile Include="stdafx.cpp" />
    <ClCompile Include="AuthCrypt.cpp" />
    <ClCompile Include="AuthSocket.cpp">
      <Filter>authserver</Filter>
    </ClCompile>
    <ClCompile Include="AuthCodes.cpp">
      <Filter>authserver</Filter>
    </ClCompile>
    <ClCompile Include="AuthWorldController.cpp" />
    <ClCompile Include="RealmInfo.cpp">
      <Filter>authserver</Filter>
    </ClCompile>
    <ClCompile Include="WorldSocket.cpp">
      <Filter>worldserver</Filter>
    </ClCompile>
    <ClCompile Include="SocketBase.cpp">
      <Filter>Base</Filter>
    </ClCompile>
    <ClCompile Include="Opcodes.cpp">
      <Filter>worldserver</Filter>
    </ClCompile>
    <ClCompile Include="OutPacket.cpp">
      <Filter>worldserver</Filter>
    </ClCompile>
    <ClCompile Include="InPacket.cpp">
      <Filter>worldserver</Filter>
    </ClCompile>
  </ItemGroup>
  <ItemGroup>
    <Filter Include="authserver">
      <UniqueIdentifier>{d6d8cc2e-ccea-401e-a9d4-e2ab3265459b}</UniqueIdentifier>
    </Filter>
    <Filter Include="authserver\Data">
      <UniqueIdentifier>{63d90a15-1e01-4a85-a01b-ff1523cf54c5}</UniqueIdentifier>
    </Filter>
    <Filter Include="worldserver">
      <UniqueIdentifier>{d34cdfc6-752d-4862-a31d-80b602a49780}</UniqueIdentifier>
    </Filter>
    <Filter Include="Base">
      <UniqueIdentifier>{40672f1c-b494-44e7-bcc6-71130981bf86}</UniqueIdentifier>
    </Filter>
  </ItemGroup>
  <ItemGroup>
    <ClInclude Include="stdafx.h" />
    <ClInclude Include="AuthCrypt.h" />
    <ClInclude Include="AuthSocket.h">
      <Filter>authserver</Filter>
    </ClInclude>
    <ClInclude Include="AuthCodes.h">
      <Filter>authserver</Filter>
    </ClInclude>
    <ClInclude Include="AuthChallenge_S.h">
      <Filter>authserver\Data</Filter>
    </ClInclude>
    <ClInclude Include="AuthChallenge_C.h">
      <Filter>authserver\Data</Filter>
    </ClInclude>
    <ClInclude Include="AuthProof_S.h">
      <Filter>authserver\Data</Filter>
    </ClInclude>
    <ClInclude Include="AuthProof_C.h">
      <Filter>authserver\Data</Filter>
    </ClInclude>
    <ClInclude Include="AuthWorldController.h" />
    <ClInclude Include="RealmInfo.h">
      <Filter>authserver</Filter>
    </ClInclude>
    <ClInclude Include="WorldSocket.h">
      <Filter>worldserver</Filter>
    </ClInclude>
    <ClInclude Include="SocketBase.h">
      <Filter>Base</Filter>
    </ClInclude>
    <ClInclude Include="Opcodes.h">
      <Filter>worldserver</Filter>
    </ClInclude>
    <ClInclude Include="OutPacket.h">
      <Filter>worldserver</Filter>
    </ClInclude>
    <ClInclude Include="InPacket.h">
      <Filter>worldserver</Filter>
    </ClInclude>
  </ItemGroup>
</Project>