<?xml version="1.0" encoding="utf-8"?>
<Project ToolsVersion="4.0" xmlns="http://schemas.microsoft.com/developer/msbuild/2003">
  <ItemGroup>
    <Filter Include="Common">
      <UniqueIdentifier>{d0033b79-fd0f-4221-80fa-9a9bedd64d33}</UniqueIdentifier>
    </Filter>
    <Filter Include="World">
      <UniqueIdentifier>{c8ec6c2e-39ff-48cf-91ec-6dd4d91d9bd6}</UniqueIdentifier>
    </Filter>
    <Filter Include="Cryptography">
      <UniqueIdentifier>{560d99ba-dcb4-4aea-8a54-c7be6f006bfc}</UniqueIdentifier>
    </Filter>
    <Filter Include="Auth">
      <UniqueIdentifier>{3364f293-36ca-480a-bc97-c5ec3f68631a}</UniqueIdentifier>
    </Filter>
    <Filter Include="Auth\Handlers">
      <UniqueIdentifier>{d2347f52-2bb8-47c4-8e22-3725e0a2f6e1}</UniqueIdentifier>
    </Filter>
    <Filter Include="World\Packets">
      <UniqueIdentifier>{18aae285-a053-42f5-8e96-95a5115c1375}</UniqueIdentifier>
    </Filter>
    <Filter Include="World\Templates">
      <UniqueIdentifier>{39bc38dc-3263-4817-af50-b7863ec3af38}</UniqueIdentifier>
    </Filter>
  </ItemGroup>
  <ItemGroup>
    <ClCompile Include="stdafx.cpp">
      <Filter>Common</Filter>
    </ClCompile>
    <ClCompile Include="AuthSocket.cpp">
      <Filter>Auth</Filter>
    </ClCompile>
    <ClCompile Include="WorldSocket.cpp">
      <Filter>World</Filter>
    </ClCompile>
    <ClCompile Include="RealmInfo.cpp" />
    <ClCompile Include="ARC4.cpp">
      <Filter>Cryptography</Filter>
    </ClCompile>
    <ClCompile Include="BigNumber.cpp">
      <Filter>Cryptography</Filter>
    </ClCompile>
    <ClCompile Include="HMACSHA1.cpp">
      <Filter>Cryptography</Filter>
    </ClCompile>
    <ClCompile Include="OpenSSLCrypto.cpp">
      <Filter>Cryptography</Filter>
    </ClCompile>
    <ClCompile Include="SHA1.cpp">
      <Filter>Cryptography</Filter>
    </ClCompile>
    <ClCompile Include="Client.cpp" />
    <ClCompile Include="AuthCrypt.cpp">
      <Filter>World</Filter>
    </ClCompile>
    <ClCompile Include="ClientPacket.cpp">
      <Filter>World\Packets</Filter>
    </ClCompile>
    <ClCompile Include="ServerPacket.cpp">
      <Filter>World\Packets</Filter>
    </ClCompile>
    <ClCompile Include="Templates\CharacterTemplate.cpp">
      <Filter>World\Templates</Filter>
    </ClCompile>
    <ClCompile Include="Templates\ItemTemplate.cpp">
      <Filter>World\Templates</Filter>
    </ClCompile>
  </ItemGroup>
  <ItemGroup>
    <ClInclude Include="common.h">
      <Filter>Common</Filter>
    </ClInclude>
    <ClInclude Include="stdafx.h">
      <Filter>Common</Filter>
    </ClInclude>
    <ClInclude Include="AuthCodes.h">
      <Filter>Auth</Filter>
    </ClInclude>
    <ClInclude Include="AuthSocket.h">
      <Filter>Auth</Filter>
    </ClInclude>
    <ClInclude Include="AuthProof_C.h">
      <Filter>Auth\Handlers</Filter>
    </ClInclude>
    <ClInclude Include="AuthProof_S.h">
      <Filter>Auth\Handlers</Filter>
    </ClInclude>
    <ClInclude Include="AuthChallenge_S.h">
      <Filter>Auth\Handlers</Filter>
    </ClInclude>
    <ClInclude Include="AuthChallenge_C.h">
      <Filter>Auth\Handlers</Filter>
    </ClInclude>
    <ClInclude Include="RealmInfo.h" />
    <ClInclude Include="ARC4.h">
      <Filter>Cryptography</Filter>
    </ClInclude>
    <ClInclude Include="BigNumber.h">
      <Filter>Cryptography</Filter>
    </ClInclude>
    <ClInclude Include="HMACSHA1.h">
      <Filter>Cryptography</Filter>
    </ClInclude>
    <ClInclude Include="OpenSSLCrypto.h">
      <Filter>Cryptography</Filter>
    </ClInclude>
    <ClInclude Include="SHA1.h">
      <Filter>Cryptography</Filter>
    </ClInclude>
    <ClInclude Include="Client.h" />
    <ClInclude Include="..\shared\owGameClient.h">
      <Filter>Common</Filter>
    </ClInclude>
    <ClInclude Include="AuthCrypt.h">
      <Filter>World</Filter>
    </ClInclude>
    <ClInclude Include="ClientPacket.h">
      <Filter>World\Packets</Filter>
    </ClInclude>
    <ClInclude Include="ServerPacket.h">
      <Filter>World\Packets</Filter>
    </ClInclude>
    <ClInclude Include="OpcodesNames.h">
      <Filter>World\Packets</Filter>
    </ClInclude>
    <ClInclude Include="Opcodes.h">
      <Filter>World\Packets</Filter>
    </ClInclude>
    <ClInclude Include="WorldSocket.h">
      <Filter>World</Filter>
    </ClInclude>
    <ClInclude Include="Templates\CharacterTemplate.h">
      <Filter>World\Templates</Filter>
    </ClInclude>
    <ClInclude Include="Templates\ItemTemplate.h">
      <Filter>World\Templates</Filter>
    </ClInclude>
    <ClInclude Include="Templates\CharacterEnums.h">
      <Filter>World\Templates</Filter>
    </ClInclude>
    <ClInclude Include="Templates\Player_Enums.h">
      <Filter>World\Templates</Filter>
    </ClInclude>
  </ItemGroup>
</Project>