<?xml version="1.0" encoding="utf-8"?>
<Project ToolsVersion="4.0" xmlns="http://schemas.microsoft.com/developer/msbuild/2003">
  <ItemGroup>
    <Filter Include="Module">
      <UniqueIdentifier>{0aac1f61-7524-4d73-a6d5-ac5839c221d8}</UniqueIdentifier>
    </Filter>
    <Filter Include="Modules">
      <UniqueIdentifier>{4aa1f860-699a-4d6b-8666-bec8a72cc459}</UniqueIdentifier>
    </Filter>
    <Filter Include="Modules\Resource Manager">
      <UniqueIdentifier>{c7b2f916-0dad-48d0-b7f5-33e8dc424232}</UniqueIdentifier>
    </Filter>
    <Filter Include="Modules\Input">
      <UniqueIdentifier>{99cc3793-975f-4c86-9eee-6ca69f13a6d3}</UniqueIdentifier>
    </Filter>
    <Filter Include="Objects bindings">
      <UniqueIdentifier>{680fac37-3ad8-4dee-8e50-970c2b108e10}</UniqueIdentifier>
    </Filter>
    <Filter Include="Objects bindings\InputListener">
      <UniqueIdentifier>{f400cd3d-efd4-46f3-8112-839652569195}</UniqueIdentifier>
    </Filter>
    <Filter Include="Objects bindings\RenderableUI">
      <UniqueIdentifier>{ad7d491c-30d8-4ae5-87a9-05c22024d8b0}</UniqueIdentifier>
    </Filter>
    <Filter Include="Objects bindings\Updatable">
      <UniqueIdentifier>{fff12d46-8046-4520-a392-ec2dd7cea339}</UniqueIdentifier>
    </Filter>
    <Filter Include="Modules\Log">
      <UniqueIdentifier>{ef746966-5439-4659-9eaa-b5406a1f5be7}</UniqueIdentifier>
    </Filter>
    <Filter Include="Modules\Log\Common">
      <UniqueIdentifier>{154efe91-d5a0-4a4d-9b1d-d053b1d5228b}</UniqueIdentifier>
    </Filter>
    <Filter Include="Files">
      <UniqueIdentifier>{96b64482-0656-4ab7-b92a-fc7b484b7a9d}</UniqueIdentifier>
    </Filter>
    <Filter Include="Files\INIFile">
      <UniqueIdentifier>{4ea54957-7046-46cc-ac3f-7e2c3801412a}</UniqueIdentifier>
    </Filter>
    <Filter Include="Files\LocalFile">
      <UniqueIdentifier>{34e9374c-1462-42b8-b4e5-09ae147cceaf}</UniqueIdentifier>
    </Filter>
    <Filter Include="Files\MPQFile">
      <UniqueIdentifier>{2fb31ba8-9986-423a-8104-710e45b113b5}</UniqueIdentifier>
    </Filter>
    <Filter Include="Files\XMLFile">
      <UniqueIdentifier>{ed4969e3-9a15-4fd5-af0e-1c5a05639e0e}</UniqueIdentifier>
    </Filter>
    <Filter Include="Common">
      <UniqueIdentifier>{ad29bc23-2620-4c7e-936f-19c0ecea08b4}</UniqueIdentifier>
    </Filter>
    <Filter Include="Common\Functions">
      <UniqueIdentifier>{db2dcf18-9c82-4909-8336-3bb07a02f976}</UniqueIdentifier>
    </Filter>
    <Filter Include="Common\Types">
      <UniqueIdentifier>{9dcc3ab4-0cf1-4f6f-ada3-17614354c5f6}</UniqueIdentifier>
    </Filter>
    <Filter Include="RefManager">
      <UniqueIdentifier>{e8b7d06f-ce44-4d51-8bb0-e6370cc39c70}</UniqueIdentifier>
    </Filter>
    <Filter Include="RefManager\1 Dim">
      <UniqueIdentifier>{2d2bf5e2-b8bf-4ce5-8ac0-2e7f796bc4ab}</UniqueIdentifier>
    </Filter>
    <Filter Include="RefManager\1 Dim Assync">
      <UniqueIdentifier>{217087b9-7874-4f31-9f13-2f198a26c570}</UniqueIdentifier>
    </Filter>
    <Filter Include="RefManager\2 Dim">
      <UniqueIdentifier>{e6840d2f-52fd-4393-8f8e-ca1baa389a53}</UniqueIdentifier>
    </Filter>
    <Filter Include="RefManager\Items">
      <UniqueIdentifier>{a8177e25-5e52-46cd-91e9-79c5a50cae2f}</UniqueIdentifier>
    </Filter>
    <Filter Include="Helpers">
      <UniqueIdentifier>{59b139b6-3568-49b9-afe7-7e6b75e45abd}</UniqueIdentifier>
    </Filter>
  </ItemGroup>
  <ItemGroup>
    <ClCompile Include="Input.cpp">
      <Filter>Modules\Input</Filter>
    </ClCompile>
    <ClCompile Include="stdafx.cpp" />
    <ClCompile Include="Console.cpp">
      <Filter>Modules\Log\Common</Filter>
    </ClCompile>
    <ClCompile Include="DebugOutput.cpp">
      <Filter>Modules\Log\Common</Filter>
    </ClCompile>
    <ClCompile Include="ResourcesManager.cpp">
      <Filter>Modules\Resource Manager</Filter>
    </ClCompile>
    <ClCompile Include="Module.cpp">
      <Filter>Module</Filter>
    </ClCompile>
    <ClCompile Include="InputListener.cpp">
      <Filter>Objects bindings\InputListener</Filter>
    </ClCompile>
    <ClCompile Include="InputListenerCollection.cpp">
      <Filter>Objects bindings\InputListener</Filter>
    </ClCompile>
    <ClCompile Include="RenderableUIObject.cpp">
      <Filter>Objects bindings\RenderableUI</Filter>
    </ClCompile>
    <ClCompile Include="RenderableUIObjectCollection.cpp">
      <Filter>Objects bindings\RenderableUI</Filter>
    </ClCompile>
    <ClCompile Include="UpdatableObject.cpp">
      <Filter>Objects bindings\Updatable</Filter>
    </ClCompile>
    <ClCompile Include="UpdatableObjectCollection.cpp">
      <Filter>Objects bindings\Updatable</Filter>
    </ClCompile>
    <ClCompile Include="Log.cpp">
      <Filter>Modules\Log</Filter>
    </ClCompile>
    <ClCompile Include="Modules.cpp">
      <Filter>Module</Filter>
    </ClCompile>
    <ClCompile Include="XMLFile.cpp">
      <Filter>Files\XMLFile</Filter>
    </ClCompile>
    <ClCompile Include="MPQArchiveStorage.cpp">
      <Filter>Files\MPQFile</Filter>
    </ClCompile>
    <ClCompile Include="MPQFile.cpp">
      <Filter>Files\MPQFile</Filter>
    </ClCompile>
    <ClCompile Include="LocalFile.cpp">
      <Filter>Files\LocalFile</Filter>
    </ClCompile>
    <ClCompile Include="INIFile.cpp">
      <Filter>Files\INIFile</Filter>
    </ClCompile>
    <ClCompile Include="Primitives.cpp">
      <Filter>Common\Types</Filter>
    </ClCompile>
    <ClCompile Include="RefManager1DimAssync.cpp">
      <Filter>RefManager\1 Dim Assync</Filter>
    </ClCompile>
    <ClCompile Include="ContainerAssync.cpp">
      <Filter>RefManager</Filter>
    </ClCompile>
    <ClCompile Include="Random.cpp">
      <Filter>Helpers</Filter>
    </ClCompile>
    <ClCompile Include="Utils.cpp">
      <Filter>Helpers</Filter>
    </ClCompile>
    <ClCompile Include="UtilsConvert.cpp">
      <Filter>Helpers</Filter>
    </ClCompile>
    <ClCompile Include="BaseFile.cpp">
      <Filter>Files</Filter>
    </ClCompile>
    <ClCompile Include="ByteBuffer.cpp">
      <Filter>Files</Filter>
    </ClCompile>
    <ClCompile Include="File.cpp">
      <Filter>Files</Filter>
    </ClCompile>
  </ItemGroup>
  <ItemGroup>
    <ClInclude Include="Input.h">
      <Filter>Modules\Input</Filter>
    </ClInclude>
    <ClInclude Include="..\shared\owCore.h" />
    <ClInclude Include="stdafx.h" />
    <ClInclude Include="InputKeys.h">
      <Filter>Modules\Input</Filter>
    </ClInclude>
    <ClInclude Include="Console.h">
      <Filter>Modules\Log\Common</Filter>
    </ClInclude>
    <ClInclude Include="DebugOutput.h">
      <Filter>Modules\Log\Common</Filter>
    </ClInclude>
    <ClInclude Include="ResourcesManager.h">
      <Filter>Modules\Resource Manager</Filter>
    </ClInclude>
    <ClInclude Include="Module.h">
      <Filter>Module</Filter>
    </ClInclude>
    <ClInclude Include="common.h" />
    <ClInclude Include="InputListener.h">
      <Filter>Objects bindings\InputListener</Filter>
    </ClInclude>
    <ClInclude Include="InputListenerCollection.h">
      <Filter>Objects bindings\InputListener</Filter>
    </ClInclude>
    <ClInclude Include="RenderableUIObjectCollection.h">
      <Filter>Objects bindings\RenderableUI</Filter>
    </ClInclude>
    <ClInclude Include="RenderableUIObject.h">
      <Filter>Objects bindings\RenderableUI</Filter>
    </ClInclude>
    <ClInclude Include="UpdatableObject.h">
      <Filter>Objects bindings\Updatable</Filter>
    </ClInclude>
    <ClInclude Include="UpdatableObjectCollection.h">
      <Filter>Objects bindings\Updatable</Filter>
    </ClInclude>
    <ClInclude Include="Log.h">
      <Filter>Modules\Log</Filter>
    </ClInclude>
    <ClInclude Include="Modules.h">
      <Filter>Module</Filter>
    </ClInclude>
    <ClInclude Include="XMLFile.h">
      <Filter>Files\XMLFile</Filter>
    </ClInclude>
    <ClInclude Include="MPQArchiveStorage.h">
      <Filter>Files\MPQFile</Filter>
    </ClInclude>
    <ClInclude Include="MPQFile.h">
      <Filter>Files\MPQFile</Filter>
    </ClInclude>
    <ClInclude Include="LocalFile.h">
      <Filter>Files\LocalFile</Filter>
    </ClInclude>
    <ClInclude Include="INIFile.h">
      <Filter>Files\INIFile</Filter>
    </ClInclude>
    <ClInclude Include="Function.h">
      <Filter>Common\Functions</Filter>
    </ClInclude>
    <ClInclude Include="FunctionSA.h">
      <Filter>Common\Functions</Filter>
    </ClInclude>
    <ClInclude Include="FunctionWA.h">
      <Filter>Common\Functions</Filter>
    </ClInclude>
    <ClInclude Include="Color.h">
      <Filter>Common\Types</Filter>
    </ClInclude>
    <ClInclude Include="Primitives.h">
      <Filter>Common\Types</Filter>
    </ClInclude>
    <ClInclude Include="Timer.h">
      <Filter>Common\Types</Filter>
    </ClInclude>
    <ClInclude Include="Types.h">
      <Filter>Common\Types</Filter>
    </ClInclude>
    <ClInclude Include="Consts.h">
      <Filter>Common</Filter>
    </ClInclude>
    <ClInclude Include="Debug.h">
      <Filter>Common</Filter>
    </ClInclude>
    <ClInclude Include="Macros.h">
      <Filter>Common</Filter>
    </ClInclude>
    <ClInclude Include="Math.h">
      <Filter>Common</Filter>
    </ClInclude>
    <ClInclude Include="RefItem.h">
      <Filter>RefManager\Items</Filter>
    </ClInclude>
    <ClInclude Include="RefItemNamed.h">
      <Filter>RefManager\Items</Filter>
    </ClInclude>
    <ClInclude Include="SmartItemPtr.h">
      <Filter>RefManager\Items</Filter>
    </ClInclude>
    <ClInclude Include="RefSimpleManagers.h">
      <Filter>RefManager\2 Dim</Filter>
    </ClInclude>
    <ClInclude Include="RefManager2Dim.h">
      <Filter>RefManager\2 Dim</Filter>
    </ClInclude>
    <ClInclude Include="RefManager1DimAssync.h">
      <Filter>RefManager\1 Dim Assync</Filter>
    </ClInclude>
    <ClInclude Include="RefManager1Dim.h">
      <Filter>RefManager\1 Dim</Filter>
    </ClInclude>
    <ClInclude Include="ContainerAssync.h">
      <Filter>RefManager</Filter>
    </ClInclude>
    <ClInclude Include="Random.h">
      <Filter>Helpers</Filter>
    </ClInclude>
    <ClInclude Include="Utils.h">
      <Filter>Helpers</Filter>
    </ClInclude>
    <ClInclude Include="BaseFile.h">
      <Filter>Files</Filter>
    </ClInclude>
    <ClInclude Include="ByteBuffer.h">
      <Filter>Files</Filter>
    </ClInclude>
    <ClInclude Include="File.h">
      <Filter>Files</Filter>
    </ClInclude>
  </ItemGroup>
  <ItemGroup>
    <None Include="RefManager2Dim.inl">
      <Filter>RefManager\2 Dim</Filter>
    </None>
    <None Include="RefManager1DimAssync.inl">
      <Filter>RefManager\1 Dim Assync</Filter>
    </None>
    <None Include="RefManager1Dim.inl">
      <Filter>RefManager\1 Dim</Filter>
    </None>
  </ItemGroup>
</Project>