<?xml version="1.0" encoding="utf-8"?>
<Project ToolsVersion="4.0" xmlns="http://schemas.microsoft.com/developer/msbuild/2003">
  <ItemGroup>
    <Filter Include="WMO">
      <UniqueIdentifier>{b1cac847-eaba-48be-aa67-fe553c0c414b}</UniqueIdentifier>
    </Filter>
    <Filter Include="MDX">
      <UniqueIdentifier>{307e0a03-1e9b-4b36-a242-07d86a127b60}</UniqueIdentifier>
    </Filter>
    <Filter Include="Map">
      <UniqueIdentifier>{a36b5e59-c60a-4f44-b7b3-9977636ed0d1}</UniqueIdentifier>
    </Filter>
    <Filter Include="Environment">
      <UniqueIdentifier>{5855bdd1-81fa-42f5-a488-036763f96299}</UniqueIdentifier>
    </Filter>
    <Filter Include="MDX\Parts">
      <UniqueIdentifier>{42a5139b-a07d-4ff0-a59e-cebbb8457673}</UniqueIdentifier>
    </Filter>
    <Filter Include="MDX\Particles">
      <UniqueIdentifier>{f41af646-31b1-4540-87df-3fc70ba95292}</UniqueIdentifier>
    </Filter>
    <Filter Include="Map\Instances">
      <UniqueIdentifier>{aa7fbffb-1487-4cbf-9eba-5f2d6c4ca15f}</UniqueIdentifier>
    </Filter>
    <Filter Include="WMO\Instances">
      <UniqueIdentifier>{4cacdc22-0be2-480f-91e2-b7ef974ad3e9}</UniqueIdentifier>
    </Filter>
    <Filter Include="MDX\Animated">
      <UniqueIdentifier>{eec8ec3d-42e8-40b1-ab10-8f0117192ba7}</UniqueIdentifier>
    </Filter>
    <Filter Include="Liquid">
      <UniqueIdentifier>{6f7eba9b-6a7f-4263-83fd-d00c9258fd96}</UniqueIdentifier>
    </Filter>
    <Filter Include="Common">
      <UniqueIdentifier>{d0033b79-fd0f-4221-80fa-9a9bedd64d33}</UniqueIdentifier>
    </Filter>
    <Filter Include="Environment\DayNight">
      <UniqueIdentifier>{28b97f23-4ed2-4ece-b969-7b97bd834fdc}</UniqueIdentifier>
    </Filter>
    <Filter Include="Environment\Skies">
      <UniqueIdentifier>{179d7822-1b17-4d5c-9dcf-34999c82a998}</UniqueIdentifier>
    </Filter>
    <Filter Include="WMO\Parts">
      <UniqueIdentifier>{b0f56994-9fa8-494f-a732-b6f401df22f5}</UniqueIdentifier>
    </Filter>
    <Filter Include="WorldController">
      <UniqueIdentifier>{86cc816c-079e-4fc1-8454-67b7ce64a75c}</UniqueIdentifier>
    </Filter>
  </ItemGroup>
  <ItemGroup>
    <ClCompile Include="stdafx.cpp" />
    <ClCompile Include="Liquid.cpp">
      <Filter>Liquid</Filter>
    </ClCompile>
    <ClCompile Include="DoodadInstance.cpp">
      <Filter>WMO\Instances</Filter>
    </ClCompile>
    <ClCompile Include="WMO.cpp">
      <Filter>WMO</Filter>
    </ClCompile>
    <ClCompile Include="WMO_Group.cpp">
      <Filter>WMO</Filter>
    </ClCompile>
    <ClCompile Include="WowChunkUtils.cpp">
      <Filter>Common</Filter>
    </ClCompile>
    <ClCompile Include="Sky.cpp">
      <Filter>Environment\Skies</Filter>
    </ClCompile>
    <ClCompile Include="SkyManager.cpp">
      <Filter>Environment\Skies</Filter>
    </ClCompile>
    <ClCompile Include="EnvironmentManager.cpp">
      <Filter>Environment</Filter>
    </ClCompile>
    <ClCompile Include="DayNightCycle.cpp">
      <Filter>Environment\DayNight</Filter>
    </ClCompile>
    <ClCompile Include="DayNightPhase.cpp">
      <Filter>Environment\DayNight</Filter>
    </ClCompile>
    <ClCompile Include="Map_Shared.cpp">
      <Filter>Map</Filter>
    </ClCompile>
    <ClCompile Include="Particle.cpp">
      <Filter>MDX\Particles</Filter>
    </ClCompile>
    <ClCompile Include="ParticleEmitters.cpp">
      <Filter>MDX\Particles</Filter>
    </ClCompile>
    <ClCompile Include="ParticleSystem.cpp">
      <Filter>MDX\Particles</Filter>
    </ClCompile>
    <ClCompile Include="RibbonEmitter.cpp">
      <Filter>MDX\Particles</Filter>
    </ClCompile>
    <ClCompile Include="MDX_Part_Bone.cpp">
      <Filter>MDX\Parts</Filter>
    </ClCompile>
    <ClCompile Include="MDX_Part_Camera.cpp">
      <Filter>MDX\Parts</Filter>
    </ClCompile>
    <ClCompile Include="MDX_Part_Color.cpp">
      <Filter>MDX\Parts</Filter>
    </ClCompile>
    <ClCompile Include="MDX_Part_Light.cpp">
      <Filter>MDX\Parts</Filter>
    </ClCompile>
    <ClCompile Include="MDX_Part_TextureAnim.cpp">
      <Filter>MDX\Parts</Filter>
    </ClCompile>
    <ClCompile Include="MDX_Part_TextureWeight.cpp">
      <Filter>MDX\Parts</Filter>
    </ClCompile>
    <ClCompile Include="MDX.cpp">
      <Filter>MDX</Filter>
    </ClCompile>
    <ClCompile Include="MDX_Animated.cpp">
      <Filter>MDX</Filter>
    </ClCompile>
    <ClCompile Include="MDX_Skin.cpp">
      <Filter>MDX</Filter>
    </ClCompile>
    <ClCompile Include="MDX_Skin_Batch.cpp">
      <Filter>MDX</Filter>
    </ClCompile>
    <ClCompile Include="Animated.cpp">
      <Filter>MDX\Animated</Filter>
    </ClCompile>
    <ClCompile Include="WMO_Light.cpp">
      <Filter>WMO\Parts</Filter>
    </ClCompile>
    <ClCompile Include="WMO_Fog.cpp">
      <Filter>WMO\Parts</Filter>
    </ClCompile>
    <ClCompile Include="WMO_Material.cpp">
      <Filter>WMO\Parts</Filter>
    </ClCompile>
    <ClCompile Include="WorldController.cpp">
      <Filter>WorldController</Filter>
    </ClCompile>
    <ClCompile Include="MDXsManager.cpp">
      <Filter>MDX</Filter>
    </ClCompile>
    <ClCompile Include="WMOsManager.cpp">
      <Filter>WMO</Filter>
    </ClCompile>
    <ClCompile Include="MapController.cpp">
      <Filter>Map</Filter>
    </ClCompile>
    <ClCompile Include="WorldRender.cpp">
      <Filter>WorldController</Filter>
    </ClCompile>
    <ClCompile Include="ADT_WMO_Instance.cpp">
      <Filter>Map\Instances</Filter>
    </ClCompile>
    <ClCompile Include="ADT_MDX_Instance.cpp">
      <Filter>Map\Instances</Filter>
    </ClCompile>
    <ClCompile Include="ADT_MCNK.cpp">
      <Filter>Map</Filter>
    </ClCompile>
    <ClCompile Include="ADT.cpp">
      <Filter>Map</Filter>
    </ClCompile>
    <ClCompile Include="WDL.cpp">
      <Filter>Map</Filter>
    </ClCompile>
    <ClCompile Include="WDT.cpp">
      <Filter>Map</Filter>
    </ClCompile>
    <ClCompile Include="SkyboxInstance.cpp">
      <Filter>WMO\Instances</Filter>
    </ClCompile>
  </ItemGroup>
  <ItemGroup>
    <ClInclude Include="stdafx.h" />
    <ClInclude Include="common.h" />
    <ClInclude Include="Liquid.h">
      <Filter>Liquid</Filter>
    </ClInclude>
    <ClInclude Include="..\shared\owWoW.h" />
    <ClInclude Include="_unused.h" />
    <ClInclude Include="DoodadInstance.h">
      <Filter>WMO\Instances</Filter>
    </ClInclude>
    <ClInclude Include="WMO.h">
      <Filter>WMO</Filter>
    </ClInclude>
    <ClInclude Include="WMO_Group.h">
      <Filter>WMO</Filter>
    </ClInclude>
    <ClInclude Include="WowChunkUtils.h">
      <Filter>Common</Filter>
    </ClInclude>
    <ClInclude Include="WowConsts.h">
      <Filter>Common</Filter>
    </ClInclude>
    <ClInclude Include="WowTime.h">
      <Filter>Common</Filter>
    </ClInclude>
    <ClInclude Include="WowTypes.h">
      <Filter>Common</Filter>
    </ClInclude>
    <ClInclude Include="Sky.h">
      <Filter>Environment\Skies</Filter>
    </ClInclude>
    <ClInclude Include="SkyManager.h">
      <Filter>Environment\Skies</Filter>
    </ClInclude>
    <ClInclude Include="EnvironmentManager.h">
      <Filter>Environment</Filter>
    </ClInclude>
    <ClInclude Include="DayNightCycle.h">
      <Filter>Environment\DayNight</Filter>
    </ClInclude>
    <ClInclude Include="DayNightPhase.h">
      <Filter>Environment\DayNight</Filter>
    </ClInclude>
    <ClInclude Include="Map_Shared.h">
      <Filter>Map</Filter>
    </ClInclude>
    <ClInclude Include="Animated_Types.h">
      <Filter>MDX\Animated</Filter>
    </ClInclude>
    <ClInclude Include="Particle.h">
      <Filter>MDX\Particles</Filter>
    </ClInclude>
    <ClInclude Include="ParticleSystem.h">
      <Filter>MDX\Particles</Filter>
    </ClInclude>
    <ClInclude Include="RibbonEmitter.h">
      <Filter>MDX\Particles</Filter>
    </ClInclude>
    <ClInclude Include="MDX_Part_Bone.h">
      <Filter>MDX\Parts</Filter>
    </ClInclude>
    <ClInclude Include="MDX_Part_Camera.h">
      <Filter>MDX\Parts</Filter>
    </ClInclude>
    <ClInclude Include="MDX_Part_Color.h">
      <Filter>MDX\Parts</Filter>
    </ClInclude>
    <ClInclude Include="MDX_Part_Light.h">
      <Filter>MDX\Parts</Filter>
    </ClInclude>
    <ClInclude Include="MDX_Part_TextureAnim.h">
      <Filter>MDX\Parts</Filter>
    </ClInclude>
    <ClInclude Include="MDX_Part_TextureWeight.h">
      <Filter>MDX\Parts</Filter>
    </ClInclude>
    <ClInclude Include="MDX.h">
      <Filter>MDX</Filter>
    </ClInclude>
    <ClInclude Include="MDX_Headers.h">
      <Filter>MDX</Filter>
    </ClInclude>
    <ClInclude Include="MDX_Skin.h">
      <Filter>MDX</Filter>
    </ClInclude>
    <ClInclude Include="MDX_Skin_Batch.h">
      <Filter>MDX</Filter>
    </ClInclude>
    <ClInclude Include="AnimatedOld.h">
      <Filter>MDX\Animated</Filter>
    </ClInclude>
    <ClInclude Include="Animated.h">
      <Filter>MDX\Animated</Filter>
    </ClInclude>
    <ClInclude Include="WMO_Light.h">
      <Filter>WMO\Parts</Filter>
    </ClInclude>
    <ClInclude Include="WMO_Fog.h">
      <Filter>WMO\Parts</Filter>
    </ClInclude>
    <ClInclude Include="WMO_Material.h">
      <Filter>WMO\Parts</Filter>
    </ClInclude>
    <ClInclude Include="WorldController.h">
      <Filter>WorldController</Filter>
    </ClInclude>
    <ClInclude Include="MDXsManager.h">
      <Filter>MDX</Filter>
    </ClInclude>
    <ClInclude Include="WMOsManager.h">
      <Filter>WMO</Filter>
    </ClInclude>
    <ClInclude Include="MapController.h">
      <Filter>Map</Filter>
    </ClInclude>
    <ClInclude Include="WorldRender.h">
      <Filter>WorldController</Filter>
    </ClInclude>
    <ClInclude Include="ADT_WMO_Instance.h">
      <Filter>Map\Instances</Filter>
    </ClInclude>
    <ClInclude Include="ADT_MDX_Instance.h">
      <Filter>Map\Instances</Filter>
    </ClInclude>
    <ClInclude Include="ADT_MCNK.h">
      <Filter>Map</Filter>
    </ClInclude>
    <ClInclude Include="ADT.h">
      <Filter>Map</Filter>
    </ClInclude>
    <ClInclude Include="WDL.h">
      <Filter>Map</Filter>
    </ClInclude>
    <ClInclude Include="WDT.h">
      <Filter>Map</Filter>
    </ClInclude>
    <ClInclude Include="SkyboxInstance.h">
      <Filter>WMO\Instances</Filter>
    </ClInclude>
  </ItemGroup>
  <ItemGroup>
    <None Include="Sky.inl">
      <Filter>Environment\Skies</Filter>
    </None>
  </ItemGroup>
</Project>